
Microsoft Visual Studio Solution File, Format Version 12.00
# Visual Studio Version 16
VisualStudioVersion = 16.0.32413.511
MinimumVisualStudioVersion = 10.0.40219.1
Project("{9A19103F-16F7-4668-BE54-9A1E7A4F7556}") = "TEST", "TEST\TEST.csproj", "{5218CD3E-24C7-4056-B2DB-13A5FDCBBB7D}"
EndProject
Project("{2150E333-8FDC-42A3-9474-1A3956D46DE8}") = "11. Arrays - Lab", "11. Arrays - Lab", "{6E22F5B4-F4B6-4313-9EE3-6830E6DE3CFE}"
EndProject
Project("{9A19103F-16F7-4668-BE54-9A1E7A4F7556}") = "01. Day of Week", "01. Day of Week\01. Day of Week.csproj", "{56ADC1E9-8DBF-41DF-B512-D9A20C3B4D18}"
EndProject
Project("{9A19103F-16F7-4668-BE54-9A1E7A4F7556}") = "02. Print Numbers in Reverse Order", "02. Print Numbers in Reverse Order\02. Print Numbers in Reverse Order.csproj", "{A394F107-CAD2-4002-A40C-567460890AC4}"
EndProject
Project("{9A19103F-16F7-4668-BE54-9A1E7A4F7556}") = "03. Rounding Numbers", "03. Rounding Numbers\03. Rounding Numbers.csproj", "{FCBEFF20-39B6-445F-97A2-8775DD2BC0BF}"
EndProject
Project("{9A19103F-16F7-4668-BE54-9A1E7A4F7556}") = "04. Reverse Array of Strings", "04. Reverse Array of Strings\04. Reverse Array of Strings.csproj", "{E28343B2-CA53-4D9F-89AF-5EAD84B618C2}"
EndProject
Project("{9A19103F-16F7-4668-BE54-9A1E7A4F7556}") = "05. Sum Even Numbers", "05. Sum Even Numbers\05. Sum Even Numbers.csproj", "{3E6C1312-4897-42AE-BABE-4F6EC6C3D8E4}"
EndProject
Project("{9A19103F-16F7-4668-BE54-9A1E7A4F7556}") = "06. Even and Odd Subtraction", "06. Even and Odd Subtraction\06. Even and Odd Subtraction.csproj", "{D0BB6861-10DC-45A0-86BA-423199019856}"
EndProject
Project("{9A19103F-16F7-4668-BE54-9A1E7A4F7556}") = "07. Equal Arrays", "07. Equal Arrays\07. Equal Arrays.csproj", "{FAEFF6D6-1929-4B8C-A97D-AE4761D68EB5}"
EndProject
Project("{9A19103F-16F7-4668-BE54-9A1E7A4F7556}") = "08. Condense Array to Number", "08. Condense Array to Number\08. Condense Array to Number.csproj", "{E8CB369D-9C55-4C6C-9764-219A059D0470}"
EndProject
Project("{2150E333-8FDC-42A3-9474-1A3956D46DE8}") = "12. Arrays - Exercise", "12. Arrays - Exercise", "{DC980AAD-72DD-400C-BD3E-8E2059E7C4A9}"
EndProject
Project("{9A19103F-16F7-4668-BE54-9A1E7A4F7556}") = "10. LadyBugs", "10. LadyBugs\10. LadyBugs.csproj", "{3F1C48E4-264B-4C7D-972A-30A1E9DA614A}"
EndProject
Project("{9A19103F-16F7-4668-BE54-9A1E7A4F7556}") = "01. Train", "01. Train\01. Train.csproj", "{05F5D117-3BAE-4F9F-B0DA-BF823B27DD65}"
EndProject
Project("{9A19103F-16F7-4668-BE54-9A1E7A4F7556}") = "02. Common Elements", "02. Common Elements\02. Common Elements.csproj", "{4652CE1C-4353-4C58-BACD-1261D8F4FA73}"
EndProject
Project("{9A19103F-16F7-4668-BE54-9A1E7A4F7556}") = "03. Zig-Zag Arrays", "03. Zig-Zag Arrays\03. Zig-Zag Arrays.csproj", "{C9552761-099E-466E-B400-52599C2ED796}"
EndProject
Project("{9A19103F-16F7-4668-BE54-9A1E7A4F7556}") = "04. Array Rotation", "04. Array Rotation\04. Array Rotation.csproj", "{1D0398F7-B373-494D-BE39-F1240B06EAA7}"
EndProject
Project("{9A19103F-16F7-4668-BE54-9A1E7A4F7556}") = "05. Top Integers", "05. Top Integers\05. Top Integers.csproj", "{C6D55018-94CC-4505-A574-6DF7A9005C2D}"
EndProject
Project("{9A19103F-16F7-4668-BE54-9A1E7A4F7556}") = "06t. Equal Sum", "06. Equal Sum\06t. Equal Sum.csproj", "{5A5454B7-676A-4504-8EE4-A325ECD03165}"
EndProject
Project("{9A19103F-16F7-4668-BE54-9A1E7A4F7556}") = "07. Max Sequence of Equal Elements", "07. Max Sequence of Equal Elements\07. Max Sequence of Equal Elements.csproj", "{F31CEAF8-49DF-4A82-BBCA-682593CA18E7}"
EndProject
Project("{9A19103F-16F7-4668-BE54-9A1E7A4F7556}") = "08t. Magic Sum", "08. Magic Sum\08t. Magic Sum.csproj", "{09512864-2889-45B2-A437-F51561CF83C4}"
EndProject
Project("{9A19103F-16F7-4668-BE54-9A1E7A4F7556}") = "09t. Kamino Factory", "09. Kamino Factory\09t. Kamino Factory.csproj", "{BCAFDB36-24C8-4098-9E86-CE204FB22EF6}"
EndProject
Project("{9A19103F-16F7-4668-BE54-9A1E7A4F7556}") = "11. Encrypt, Sort and Print Array", "11. Encrypt, Sort and Print Array\11. Encrypt, Sort and Print Array.csproj", "{8AB7F6D5-2D77-4498-8129-D4817A10F90F}"
EndProject
Project("{9A19103F-16F7-4668-BE54-9A1E7A4F7556}") = "12. Pascal Triangle", "12. Pascal Triangle\12. Pascal Triangle.csproj", "{1ACBDEEC-0C5F-4760-B369-FAB2AB7CE591}"
EndProject
Project("{9A19103F-16F7-4668-BE54-9A1E7A4F7556}") = "06u. Equal Sum", "06u. Equal Sum\06u. Equal Sum.csproj", "{C7730475-4000-47F9-97A7-7A165B453E59}"
EndProject
Project("{9A19103F-16F7-4668-BE54-9A1E7A4F7556}") = "09u. Kamino Factory", "09u. Kamino Factory\09u. Kamino Factory.csproj", "{6D771809-F98A-469F-BA7D-D200E9F54E51}"
EndProject
Project("{2150E333-8FDC-42A3-9474-1A3956D46DE8}") = "13. Methods - Lab", "13. Methods - Lab", "{7F4D5A46-0031-42F7-B36D-44211687CA7B}"
EndProject
Project("{9A19103F-16F7-4668-BE54-9A1E7A4F7556}") = "01. Sign of Integer Numbers", "01. Sign of Integer Numbers\01. Sign of Integer Numbers.csproj", "{2C82D53D-5178-485C-8FBD-1DFABA0A8145}"
EndProject
Project("{9A19103F-16F7-4668-BE54-9A1E7A4F7556}") = "02. Grades", "02. Grades\02. Grades.csproj", "{76F41D88-E190-4896-9308-72CF9BCCA3E9}"
EndProject
Project("{9A19103F-16F7-4668-BE54-9A1E7A4F7556}") = "03. Calculations", "03. Calculations\03. Calculations.csproj", "{0C06D77D-138D-41ED-8AC8-3B8976C64B8F}"
EndProject
Project("{9A19103F-16F7-4668-BE54-9A1E7A4F7556}") = "04. Printing Triangle", "04. Printing Triangle\04. Printing Triangle.csproj", "{50C0A15E-075D-4E5B-99DD-266103765986}"
EndProject
Project("{9A19103F-16F7-4668-BE54-9A1E7A4F7556}") = "05. Orders", "05. Orders\05. Orders.csproj", "{F2A154D9-863B-43E2-8F44-6C0EF64A748B}"
EndProject
Project("{9A19103F-16F7-4668-BE54-9A1E7A4F7556}") = "06. Calculate Rectangle Area", "06. Calculate Rectangle Area\06. Calculate Rectangle Area.csproj", "{F4D08182-5C21-4F20-AE49-A0ED884157CB}"
EndProject
Project("{9A19103F-16F7-4668-BE54-9A1E7A4F7556}") = "07. Repeat String", "07. Repeat String\07. Repeat String.csproj", "{1DF56BD7-4699-40AE-95B3-9E144599E70B}"
EndProject
Project("{9A19103F-16F7-4668-BE54-9A1E7A4F7556}") = "08. Math Power", "08. Math Power\08. Math Power.csproj", "{EE50D819-1AB9-46EB-AA01-716D81FA0B05}"
EndProject
Project("{9A19103F-16F7-4668-BE54-9A1E7A4F7556}") = "09. Greater of Two Values", "09. Greater of Two Values\09. Greater of Two Values.csproj", "{436264DA-A22E-4C32-8AC9-9CF9EB3D5C82}"
EndProject
Project("{9A19103F-16F7-4668-BE54-9A1E7A4F7556}") = "10. Multiply Evens by Odds", "10. Multiply Evens by Odds\10. Multiply Evens by Odds.csproj", "{619C98E7-04B5-4498-882B-652CA7AFE38B}"
EndProject
Project("{2150E333-8FDC-42A3-9474-1A3956D46DE8}") = "14. Methods Exercise", "14. Methods Exercise", "{0824D3AE-A11A-42E0-92A8-07AB0D2CFAC5}"
EndProject
Project("{9A19103F-16F7-4668-BE54-9A1E7A4F7556}") = "01. Smallest of Three Numbers", "01. Smallest of Three Numbers\01. Smallest of Three Numbers.csproj", "{DB3683A9-648C-4E1D-A694-E2555274AD0B}"
EndProject
Project("{9A19103F-16F7-4668-BE54-9A1E7A4F7556}") = "02. Vowels Count", "02. Vowels Count\02. Vowels Count.csproj", "{D384DD89-BBD2-4B64-AF62-D83731DDB969}"
EndProject
Project("{9A19103F-16F7-4668-BE54-9A1E7A4F7556}") = "03. Characters in Range", "03. Characters in Range\03. Characters in Range.csproj", "{A71CCB0F-6BBF-4ADB-A1E8-B6FE4680AEEF}"
EndProject
Project("{9A19103F-16F7-4668-BE54-9A1E7A4F7556}") = "04. Password Validator", "04. Password Validator\04. Password Validator.csproj", "{1371ECB5-24DD-49C1-8E70-BF9CA2E86932}"
EndProject
Project("{9A19103F-16F7-4668-BE54-9A1E7A4F7556}") = "05. Add and Subtract", "05. Add and Subtract\05. Add and Subtract.csproj", "{D08AEFF6-E001-4D2D-8CBA-52FF8DD78D4F}"
EndProject
Project("{9A19103F-16F7-4668-BE54-9A1E7A4F7556}") = "06. Middle Characters", "06. Middle Characters\06. Middle Characters.csproj", "{87411401-2A70-4F55-8142-97DEB345B7C3}"
EndProject
Project("{9A19103F-16F7-4668-BE54-9A1E7A4F7556}") = "07. NxN Matrix", "07. NxN Matrix\07. NxN Matrix.csproj", "{99A078B9-04CE-4071-928D-58F514BB1F52}"
EndProject
Project("{9A19103F-16F7-4668-BE54-9A1E7A4F7556}") = "08t. Factorial Division", "08. Factorial Division\08t. Factorial Division.csproj", "{A463EE6B-22E2-4349-BBAF-2450A58B0BD5}"
EndProject
Project("{9A19103F-16F7-4668-BE54-9A1E7A4F7556}") = "08u. Factorial Division", "08u. Factorial Division\08u. Factorial Division.csproj", "{EC1BCCB2-C2A8-4115-8F20-980EF363F7F3}"
EndProject
Project("{9A19103F-16F7-4668-BE54-9A1E7A4F7556}") = "09. Palindrome Integers", "09. Palindrome Integers\09. Palindrome Integers.csproj", "{D30470A8-13B6-4BEE-AFFD-02A0F9903491}"
EndProject
Project("{9A19103F-16F7-4668-BE54-9A1E7A4F7556}") = "10. Top Number", "10. Top Number\10. Top Number.csproj", "{2479E004-6485-415F-A02B-9806947F3AD4}"
EndProject
Project("{9A19103F-16F7-4668-BE54-9A1E7A4F7556}") = "11. Array Manipulator", "11. Array Manipulator\11. Array Manipulator.csproj", "{C8C11DA8-6829-4043-A09C-94373E4DA7E6}"
EndProject
Project("{2150E333-8FDC-42A3-9474-1A3956D46DE8}") = "14a. Methods More Exercise", "14a. Methods More Exercise", "{82710D6D-5616-430A-8C37-D1FB24C99104}"
EndProject
Project("{9A19103F-16F7-4668-BE54-9A1E7A4F7556}") = "1. Data Types", "1. Data Types\1. Data Types.csproj", "{A432EE9A-E461-4E03-8F04-B37F2B3B329F}"
EndProject
Project("{9A19103F-16F7-4668-BE54-9A1E7A4F7556}") = "02. Center Point", "02. Center Point\02. Center Point.csproj", "{956ECB57-CDA7-468D-A0F8-E6CDF0EB7FAC}"
EndProject
Project("{2150E333-8FDC-42A3-9474-1A3956D46DE8}") = "16. Lists Lab", "16. Lists Lab", "{698C6AEE-8802-4C70-B2EA-57C5ABC51E54}"
EndProject
Project("{9A19103F-16F7-4668-BE54-9A1E7A4F7556}") = "01. Sum Adjacent Equal Numbers", "01. Sum Adjacent Equal Numbers\01. Sum Adjacent Equal Numbers.csproj", "{B6FC1ED3-49AE-483C-815A-E605DE3CA75C}"
EndProject
Project("{9A19103F-16F7-4668-BE54-9A1E7A4F7556}") = "02. Gauss' Trick", "02. Gauss' Trick\02. Gauss' Trick.csproj", "{8E2AD30A-2578-4E17-8F07-304876EB4368}"
EndProject
Project("{9A19103F-16F7-4668-BE54-9A1E7A4F7556}") = "03. Merging Lists", "03. Merging Lists\03. Merging Lists.csproj", "{EEED9B94-5CEF-4C65-8C35-37B90120759F}"
EndProject
Project("{9A19103F-16F7-4668-BE54-9A1E7A4F7556}") = "04. List of Products", "04. List of Products\04. List of Products.csproj", "{6A9492CD-1561-4774-93E4-22636DC56922}"
EndProject
Project("{9A19103F-16F7-4668-BE54-9A1E7A4F7556}") = "05. Remove Negatives and Reverse", "05. Remove Negatives and Reverse\05. Remove Negatives and Reverse.csproj", "{0E535F13-DF0E-4C29-B3A5-0C187DEB9D6D}"
EndProject
Project("{9A19103F-16F7-4668-BE54-9A1E7A4F7556}") = "06. List Manipulation Basics", "06. List Manipulation Basics\06. List Manipulation Basics.csproj", "{DC08E781-E8C5-4474-9288-929CC443A51A}"
EndProject
Project("{9A19103F-16F7-4668-BE54-9A1E7A4F7556}") = "07. List Manipulation Advanced", "07. List Manipulation Advanced\07. List Manipulation Advanced.csproj", "{8CFFDDDB-6A00-462D-951C-47CA0DB46C9D}"
EndProject
Project("{2150E333-8FDC-42A3-9474-1A3956D46DE8}") = "17. Lists Exercise", "17. Lists Exercise", "{1AABDEDC-AD03-4D19-A274-90F840CBFDF9}"
EndProject
Project("{9A19103F-16F7-4668-BE54-9A1E7A4F7556}") = "01. Train List", "01. Train List\01. Train List.csproj", "{B093E608-E61A-4465-A466-6918048BF893}"
EndProject
Project("{9A19103F-16F7-4668-BE54-9A1E7A4F7556}") = "02. Change List", "02. Change List\02. Change List.csproj", "{0759369F-3625-499F-90E2-0053ABC77165}"
EndProject
Project("{9A19103F-16F7-4668-BE54-9A1E7A4F7556}") = "03. House Party", "03. House Party\03. House Party.csproj", "{D3034748-5726-4211-BD1F-05C72F44F6DF}"
EndProject
Project("{9A19103F-16F7-4668-BE54-9A1E7A4F7556}") = "04. List Operations", "04. List Operations\04. List Operations.csproj", "{A1BAFA4D-1BEE-495F-AC58-B7C5ECF70DEE}"
EndProject
Project("{9A19103F-16F7-4668-BE54-9A1E7A4F7556}") = "05. Bomb Numbers", "05. Bomb Numbers\05. Bomb Numbers.csproj", "{94E5354B-2AAD-44A8-8790-54CC2FA80017}"
EndProject
Project("{9A19103F-16F7-4668-BE54-9A1E7A4F7556}") = "06. Cards Game", "06. Cards Game\06. Cards Game.csproj", "{6A574887-AB88-47B6-908E-3C38D84CFE13}"
EndProject
Project("{9A19103F-16F7-4668-BE54-9A1E7A4F7556}") = "07. Append Arrays", "07. Append Arrays\07. Append Arrays.csproj", "{4C884AFE-4EF8-4836-9108-08290311656F}"
EndProject
Project("{9A19103F-16F7-4668-BE54-9A1E7A4F7556}") = "08t!!!. Anonymous Threat", "08. Anonymous Threat\08t!!!. Anonymous Threat.csproj", "{0B9ED797-C5BE-4204-9DA8-A0796879A892}"
EndProject
Project("{9A19103F-16F7-4668-BE54-9A1E7A4F7556}") = "09. Pokemon Don't Go", "09. Pokemon Don't Go\09. Pokemon Don't Go.csproj", "{717E7800-0431-410E-919D-7B7495C3351E}"
EndProject
Project("{9A19103F-16F7-4668-BE54-9A1E7A4F7556}") = "08u. Anonymous Threat", "08u. Anonymous Threat\08u. Anonymous Threat.csproj", "{973C2F3B-7E7D-46E8-AAA4-FA444BBC9E25}"
EndProject
Project("{2150E333-8FDC-42A3-9474-1A3956D46DE8}") = "17a. Lists  More Exercise", "17a. Lists  More Exercise", "{16D12CA4-B930-4057-8749-548BAF89888A}"
EndProject
Project("{9A19103F-16F7-4668-BE54-9A1E7A4F7556}") = "01. Messaging", "01. Messaging\01. Messaging.csproj", "{075A4702-B316-48E9-BD36-C5C7B6FEE3DD}"
EndProject
Project("{9A19103F-16F7-4668-BE54-9A1E7A4F7556}") = "02. Car Race", "02. Car Race\02. Car Race.csproj", "{3B21E621-39CB-4EEE-8984-A601F77229DB}"
EndProject
Project("{9A19103F-16F7-4668-BE54-9A1E7A4F7556}") = "03. Take Skip Rope", "03. Take Skip Rope\03. Take Skip Rope.csproj", "{3B243676-56E3-4C1F-BA8D-5F79B1BD1DC7}"
EndProject
Project("{9A19103F-16F7-4668-BE54-9A1E7A4F7556}") = "04. Mixed up Lists", "04. Mixed up Lists\04. Mixed up Lists.csproj", "{27D6D3A2-D1F6-4C78-B668-D06D78AB3F83}"
EndProject
Project("{9A19103F-16F7-4668-BE54-9A1E7A4F7556}") = "05. Drum Set", "05. Drum Set\05. Drum Set.csproj", "{1A9E2920-6A24-420D-A316-7742CF09E9EF}"
EndProject
Project("{2150E333-8FDC-42A3-9474-1A3956D46DE8}") = "20. Objects and Classes - Lab", "20. Objects and Classes - Lab", "{7AA6B189-3B47-4B5A-941E-46EF52E37172}"
EndProject
Project("{9A19103F-16F7-4668-BE54-9A1E7A4F7556}") = "01. Randomize Words", "01. Randomize Words\01. Randomize Words.csproj", "{A9410B17-719C-4F6C-9A68-A3EC68889AB5}"
EndProject
Project("{9A19103F-16F7-4668-BE54-9A1E7A4F7556}") = "02. Big Factorial", "2. Big Factorial\02. Big Factorial.csproj", "{3A2EDD16-8EC2-463E-8B71-F1795B185203}"
EndProject
Project("{9A19103F-16F7-4668-BE54-9A1E7A4F7556}") = "03. Songs", "03. Songs\03. Songs.csproj", "{5FDE4319-BEAD-4505-9B01-9D2792A6EC4D}"
EndProject
Project("{9A19103F-16F7-4668-BE54-9A1E7A4F7556}") = "04. Students", "04. Students\04. Students.csproj", "{2930BB63-4856-4875-BDB5-8B96BC62D0C5}"
EndProject
Project("{9A19103F-16F7-4668-BE54-9A1E7A4F7556}") = "05. Students 2.0", "05. Students 2.0\05. Students 2.0.csproj", "{8D7EE186-B33F-470C-B62A-9D90A72BAB8E}"
EndProject
Project("{9A19103F-16F7-4668-BE54-9A1E7A4F7556}") = "06. Store Boxes", "06. Store Boxes\06. Store Boxes.csproj", "{B94C04CE-A39A-4C86-8DA4-64074EC099D2}"
EndProject
Project("{9A19103F-16F7-4668-BE54-9A1E7A4F7556}") = "07. Vehicle Catalogue", "07. Vehicle Catalogue\07. Vehicle Catalogue.csproj", "{629353A2-5C38-4141-9035-B1D0F9770011}"
EndProject
Project("{9A19103F-16F7-4668-BE54-9A1E7A4F7556}") = "05u. Students 2.0", "05u. Students 2.0\05u. Students 2.0.csproj", "{4BDF6B3D-1756-4AE6-B14F-7917457A978E}"
EndProject
Project("{2150E333-8FDC-42A3-9474-1A3956D46DE8}") = "21.Objects and Classes - Exercise", "21.Objects and Classes - Exercise", "{DF2946FA-9460-4F7B-8EC4-99E86AE75531}"
EndProject
Project("{9A19103F-16F7-4668-BE54-9A1E7A4F7556}") = "01. Advertisement Message", "01. Advertisement Message\01. Advertisement Message.csproj", "{0D915770-F070-4076-9307-DB7F2D181D49}"
EndProject
Project("{9A19103F-16F7-4668-BE54-9A1E7A4F7556}") = "02. Articles", "02. Articles\02. Articles.csproj", "{100736B1-962D-4C5A-B813-B5A94D2810D0}"
EndProject
Project("{9A19103F-16F7-4668-BE54-9A1E7A4F7556}") = "03. Articles 2.0", "03. Articles 2.0\03. Articles 2.0.csproj", "{33F42EBB-48E8-4FC3-929F-4962129C9CD7}"
EndProject
Project("{9A19103F-16F7-4668-BE54-9A1E7A4F7556}") = "04t. Students", "04t. Students\04t. Students.csproj", "{FEE3BFD8-2E72-4290-A4C9-C7FEF78BBE51}"
EndProject
Project("{9A19103F-16F7-4668-BE54-9A1E7A4F7556}") = "05. Teamwork Projects", "05. Teamwork Projects\05. Teamwork Projects.csproj", "{927CC410-3A20-4524-B0F5-5D95382608E0}"
EndProject
Project("{9A19103F-16F7-4668-BE54-9A1E7A4F7556}") = "06. Vehicle Catalogue", "06. Vehicle Catalogue\06. Vehicle Catalogue.csproj", "{D3F75E90-EE4A-48C1-B986-564E14A10E9A}"
EndProject
Project("{9A19103F-16F7-4668-BE54-9A1E7A4F7556}") = "07. Order by Age", "07. Order by Age\07. Order by Age.csproj", "{62FAF4A4-E93F-42BF-BC82-F036BC974FE9}"
EndProject
Project("{2150E333-8FDC-42A3-9474-1A3956D46DE8}") = "21a. Objects and Classes - More Exercise", "21a. Objects and Classes - More Exercise", "{8C53109B-780A-4427-917A-158130B0F95A}"
EndProject
Project("{9A19103F-16F7-4668-BE54-9A1E7A4F7556}") = "01. Company Roster", "01. Company Roster\01. Company Roster.csproj", "{FD552030-F00A-45E4-BC0E-73BB2B9D4D47}"
EndProject
Project("{9A19103F-16F7-4668-BE54-9A1E7A4F7556}") = "02. Oldest Family Member", "02. Oldest Family Member\02. Oldest Family Member.csproj", "{1B5D618F-639A-49AA-95C7-DBEB3DB4515A}"
EndProject
Project("{9A19103F-16F7-4668-BE54-9A1E7A4F7556}") = "03. Speed Racing", "03. Speed Racing\03. Speed Racing.csproj", "{CAA4EB90-E1E8-4BF1-9628-9E84833C7069}"
EndProject
Project("{9A19103F-16F7-4668-BE54-9A1E7A4F7556}") = "04. Raw Data", "04. Raw Data\04. Raw Data.csproj", "{640889B4-1895-4384-BECF-23057DA5B8D1}"
EndProject
Project("{9A19103F-16F7-4668-BE54-9A1E7A4F7556}") = "05. Shopping Spree", "05. Shopping Spree\05. Shopping Spree.csproj", "{9FCCFE33-5E2B-46C9-810D-284DFF1DA782}"
EndProject
Project("{9A19103F-16F7-4668-BE54-9A1E7A4F7556}") = "01n. Company Roster !!!", "01n. Company Roster !!!\01n. Company Roster !!!.csproj", "{914647C2-57BC-4241-B070-E015ECD03F49}"
EndProject
Project("{2150E333-8FDC-42A3-9474-1A3956D46DE8}") = "24.Associative Arrays - Lab", "24.Associative Arrays - Lab", "{E524C3D3-3E39-45EF-B397-0E0058982DE3}"
EndProject
Project("{9A19103F-16F7-4668-BE54-9A1E7A4F7556}") = "01. Count Real Numbers", "01. Count Real Numbers\01. Count Real Numbers.csproj", "{44E2D9A3-F313-41BE-903E-75DC287E4AEB}"
EndProject
Project("{9A19103F-16F7-4668-BE54-9A1E7A4F7556}") = "02. Odd Occurrences", "02. Odd Occurrences\02. Odd Occurrences.csproj", "{003A5D57-1CBA-484A-9FAC-66A62FEE8757}"
EndProject
Project("{2150E333-8FDC-42A3-9474-1A3956D46DE8}") = "25.Associative Arrays - Exercise", "25.Associative Arrays - Exercise", "{F0A57963-00E7-4537-98A2-9DC5C006FD19}"
EndProject
Project("{9A19103F-16F7-4668-BE54-9A1E7A4F7556}") = "03. Word Synonyms", "03. Word Synonyms\03. Word Synonyms.csproj", "{575B0572-98E6-480E-BB4D-A34605C16219}"
EndProject
Project("{9A19103F-16F7-4668-BE54-9A1E7A4F7556}") = "04. Word Filter", "04. Word Filter\04. Word Filter.csproj", "{B54534C3-180B-46F3-BCDE-FF4E8487A936}"
EndProject
Project("{9A19103F-16F7-4668-BE54-9A1E7A4F7556}") = "01. Count Chars in a String", "01. Count Chars in a String\01. Count Chars in a String.csproj", "{D8CDB4D2-EA9E-42B8-ADA4-2995E19A9AB5}"
EndProject
Project("{9A19103F-16F7-4668-BE54-9A1E7A4F7556}") = "02. A Miner Task", "02. A Miner Task\02. A Miner Task.csproj", "{C17C88D6-E5EC-4D38-A91D-1D0DB6840555}"
EndProject
Project("{9A19103F-16F7-4668-BE54-9A1E7A4F7556}") = "03t. Legendary Farming", "03. Legendary Farming\03t. Legendary Farming.csproj", "{DEB21753-6B65-4F2B-BB92-ED3C48DF94E9}"
EndProject
Project("{9A19103F-16F7-4668-BE54-9A1E7A4F7556}") = "04t!!!. Orders", "04. Orders\04t!!!. Orders.csproj", "{365FD0CC-DE74-45E5-9F33-4ECBC9D46A64}"
EndProject
Project("{9A19103F-16F7-4668-BE54-9A1E7A4F7556}") = "04u. Orders", "04u. Orders\04u. Orders.csproj", "{BA700590-A6CF-489C-B451-DCCD7C76AF25}"
EndProject
Project("{9A19103F-16F7-4668-BE54-9A1E7A4F7556}") = "05. SoftUni Parking", "05. SoftUni Parking\05. SoftUni Parking.csproj", "{2014FF1C-8723-4A85-8C3D-4127C229702A}"
EndProject
Project("{9A19103F-16F7-4668-BE54-9A1E7A4F7556}") = "06. Courses", "06. Courses\06. Courses.csproj", "{92B3ADE9-A84A-47F0-AAF2-4B08D0CDC655}"
EndProject
Project("{9A19103F-16F7-4668-BE54-9A1E7A4F7556}") = "07. Student Academy", "07. Student Academy\07. Student Academy.csproj", "{47C36DD9-4568-485D-BCFC-52413B329DBD}"
EndProject
Project("{9A19103F-16F7-4668-BE54-9A1E7A4F7556}") = "03u. Legendary Farming", "03u. Legendary Farming\03u. Legendary Farming.csproj", "{DDEDBB0C-A9A6-4713-9197-F0318F6A02E3}"
EndProject
Project("{9A19103F-16F7-4668-BE54-9A1E7A4F7556}") = "08. Company Users", "08. Company Users\08. Company Users.csproj", "{D3565B0A-69B1-4838-94EB-C23EEA3F6EA4}"
EndProject
Project("{9A19103F-16F7-4668-BE54-9A1E7A4F7556}") = "09. ForceBook", "09. ForceBook\09. ForceBook.csproj", "{F717790B-D037-46DB-ADB4-73D58EAE2130}"
EndProject
Project("{9A19103F-16F7-4668-BE54-9A1E7A4F7556}") = "10. SoftUni Exam Results", "10. SoftUni Exam Results\10. SoftUni Exam Results.csproj", "{068894B5-E50D-4D1A-8A60-B08CFC3868D6}"
EndProject
Project("{2150E333-8FDC-42A3-9474-1A3956D46DE8}") = "27. Text Processing - Lab", "27. Text Processing - Lab", "{2C97FD7F-4838-4492-B69B-F1FBD06AD70F}"
EndProject
Project("{9A19103F-16F7-4668-BE54-9A1E7A4F7556}") = "01. Reverse Strings", "01. Reverse Strings\01. Reverse Strings.csproj", "{357E87B0-1731-482C-A46B-988D4B7D8C58}"
EndProject
Project("{9A19103F-16F7-4668-BE54-9A1E7A4F7556}") = "02. Repeat Strings", "02. Repeat Strings\02. Repeat Strings.csproj", "{821DBA0A-3FBF-4602-87C9-3CC9FCE0B040}"
EndProject
Project("{9A19103F-16F7-4668-BE54-9A1E7A4F7556}") = "02u. Repeat Strings", "02u. Repeat Strings\02u. Repeat Strings.csproj", "{F7B0E70C-A5CB-4B36-B61E-EBBDD949777E}"
EndProject
Project("{9A19103F-16F7-4668-BE54-9A1E7A4F7556}") = "03. Substring", "03. Substring\03. Substring.csproj", "{474A21E4-07D8-487A-8B4E-30D865048EFA}"
EndProject
Project("{9A19103F-16F7-4668-BE54-9A1E7A4F7556}") = "04. Text Filter", "04. Text Filter\04. Text Filter.csproj", "{B0AEB5C9-3C09-49BC-B646-434AABEC2181}"
EndProject
Project("{9A19103F-16F7-4668-BE54-9A1E7A4F7556}") = "05. Digits, Letters and Other", "05. Digits, Letters and Other\05. Digits, Letters and Other.csproj", "{81F4E88F-F8A3-4186-86C2-9252299CEC58}"
EndProject
Project("{2150E333-8FDC-42A3-9474-1A3956D46DE8}") = "28. Text Processing - Exercise", "28. Text Processing - Exercise", "{0E8C2557-3071-4DBA-8DE2-B56E3813164A}"
EndProject
Project("{9A19103F-16F7-4668-BE54-9A1E7A4F7556}") = "01. Valid Usernames", "01. Valid Usernames\01. Valid Usernames.csproj", "{B9043CB9-4671-4D61-A0AE-32C6644B9FCD}"
EndProject
Project("{9A19103F-16F7-4668-BE54-9A1E7A4F7556}") = "02. Character Multiplier", "02. Character Multiplier\02. Character Multiplier.csproj", "{8842DDDF-C5E1-421B-9FAD-DAE1799AFE0C}"
EndProject
Project("{9A19103F-16F7-4668-BE54-9A1E7A4F7556}") = "03. Extract File", "03. Extract File\03. Extract File.csproj", "{F7AD4845-054F-48E5-A582-B1C07076A291}"
EndProject
Project("{9A19103F-16F7-4668-BE54-9A1E7A4F7556}") = "04. Caesar Cipher", "04. Caesar Cipher\04. Caesar Cipher.csproj", "{3B666E63-32D0-4545-B823-CEFA322885DC}"
EndProject
Project("{9A19103F-16F7-4668-BE54-9A1E7A4F7556}") = "05. Multiply Big Number", "05. Multiply Big Number\05. Multiply Big Number.csproj", "{5C2FED4B-BED1-40C9-A2DE-8F158486A92A}"
EndProject
Project("{9A19103F-16F7-4668-BE54-9A1E7A4F7556}") = "06. Replace Repeating Chars", "06. Replace Repeating Chars\06. Replace Repeating Chars.csproj", "{CD0ABD5B-A473-4EA5-8D0D-26ADAC022C92}"
EndProject
Project("{9A19103F-16F7-4668-BE54-9A1E7A4F7556}") = "07. String Explosion", "07. String Explosion\07. String Explosion.csproj", "{0F357BE9-122A-4D12-8F4A-30B1696A15E4}"
EndProject
Project("{9A19103F-16F7-4668-BE54-9A1E7A4F7556}") = "08. Letters Change Numbers", "08. Letters Change Numbers\08. Letters Change Numbers.csproj", "{FE65289C-C9AB-4B6C-BD46-C18594F1263A}"
EndProject
Project("{2150E333-8FDC-42A3-9474-1A3956D46DE8}") = "28a. Text Processing - More Exercise", "28a. Text Processing - More Exercise", "{C69747CE-E053-4457-9091-5BB157D6FD0E}"
EndProject
Project("{9A19103F-16F7-4668-BE54-9A1E7A4F7556}") = "01. Extract Person Information", "01. Extract Person Information\01. Extract Person Information.csproj", "{49B0AFA9-A318-4326-AC0F-2DDD25BF4D5C}"
EndProject
Project("{9A19103F-16F7-4668-BE54-9A1E7A4F7556}") = "02. Ascii Sumator", "02. Ascii Sumator\02. Ascii Sumator.csproj", "{27055E1E-720E-4BEE-8151-9479F65B09C2}"
EndProject
Project("{2150E333-8FDC-42A3-9474-1A3956D46DE8}") = "30. Regular Expressions - Lab", "30. Regular Expressions - Lab", "{AFCE160A-BEC7-43F9-94BD-A85EEF5D1284}"
EndProject
Project("{9A19103F-16F7-4668-BE54-9A1E7A4F7556}") = "01. Match Full Name", "01. Match Full Name\01. Match Full Name.csproj", "{E8061380-9A08-426D-9499-A8929EAC383F}"
EndProject
Project("{9A19103F-16F7-4668-BE54-9A1E7A4F7556}") = "02. Match Phone Number", "02. Match Phone Number\02. Match Phone Number.csproj", "{E4734697-B4EE-4364-92AA-FC175A764FB2}"
EndProject
Project("{9A19103F-16F7-4668-BE54-9A1E7A4F7556}") = "03. Match Dates", "03. Match Dates\03. Match Dates.csproj", "{957F50C0-02E2-46BD-9AE9-0A52AC823EB6}"
EndProject
Project("{2150E333-8FDC-42A3-9474-1A3956D46DE8}") = "35. Fundamentals Mid Exam", "35. Fundamentals Mid Exam", "{7370A72F-D277-44F8-BE3D-66BA7229F867}"
EndProject
Project("{9A19103F-16F7-4668-BE54-9A1E7A4F7556}") = "01. Computer Store", "01. Computer Store\01. Computer Store.csproj", "{FCE3DCB9-C22E-4490-8772-EEB89B2D5C9B}"
EndProject
Project("{9A19103F-16F7-4668-BE54-9A1E7A4F7556}") = "02. The Lift", "02. The Lift\02. The Lift.csproj", "{B1F431C2-83CB-41C2-9192-22352CBAE9EB}"
EndProject
Project("{9A19103F-16F7-4668-BE54-9A1E7A4F7556}") = "03. Memory Game", "03. Memory Game\03. Memory Game.csproj", "{B5091DFF-E89C-46B7-A43C-2CABD34786BB}"
EndProject
Project("{9A19103F-16F7-4668-BE54-9A1E7A4F7556}") = "01. The Imitation Game", "01. The Imitation Game\01. The Imitation Game.csproj", "{DB1942DC-4EEB-4A4E-A1E7-50A177D7F2AF}"
EndProject
Project("{9A19103F-16F7-4668-BE54-9A1E7A4F7556}") = "02. Ad Astra", "02. Ad Astra\02. Ad Astra.csproj", "{63901298-7241-455F-97EE-EB0092574D9B}"
EndProject
Project("{9A19103F-16F7-4668-BE54-9A1E7A4F7556}") = "03. The Pianist", "03. The Pianist\03. The Pianist.csproj", "{AFCC12BC-BEA4-4EBA-88A8-4021BD50EB1A}"
EndProject
Project("{FAE04EC0-301F-11D3-BF4B-00C04F79EFBC}") = "01. Bonus Scoring System", "01. Bonus Scoring System\01. Bonus Scoring System.csproj", "{3FD9772D-C80E-4782-A0D8-4BD1C45497BE}"
EndProject
Project("{FAE04EC0-301F-11D3-BF4B-00C04F79EFBC}") = "02. MuOnline", "02. MuOnline\02. MuOnline.csproj", "{0BE89403-B4B1-4091-BF71-D0D9C21E9CC1}"
EndProject
Global
	GlobalSection(SolutionConfigurationPlatforms) = preSolution
		Debug|Any CPU = Debug|Any CPU
		Release|Any CPU = Release|Any CPU
	EndGlobalSection
	GlobalSection(ProjectConfigurationPlatforms) = postSolution
		{5218CD3E-24C7-4056-B2DB-13A5FDCBBB7D}.Debug|Any CPU.ActiveCfg = Debug|Any CPU
		{5218CD3E-24C7-4056-B2DB-13A5FDCBBB7D}.Debug|Any CPU.Build.0 = Debug|Any CPU
		{5218CD3E-24C7-4056-B2DB-13A5FDCBBB7D}.Release|Any CPU.ActiveCfg = Release|Any CPU
		{5218CD3E-24C7-4056-B2DB-13A5FDCBBB7D}.Release|Any CPU.Build.0 = Release|Any CPU
		{56ADC1E9-8DBF-41DF-B512-D9A20C3B4D18}.Debug|Any CPU.ActiveCfg = Debug|Any CPU
		{56ADC1E9-8DBF-41DF-B512-D9A20C3B4D18}.Debug|Any CPU.Build.0 = Debug|Any CPU
		{56ADC1E9-8DBF-41DF-B512-D9A20C3B4D18}.Release|Any CPU.ActiveCfg = Release|Any CPU
		{56ADC1E9-8DBF-41DF-B512-D9A20C3B4D18}.Release|Any CPU.Build.0 = Release|Any CPU
		{A394F107-CAD2-4002-A40C-567460890AC4}.Debug|Any CPU.ActiveCfg = Debug|Any CPU
		{A394F107-CAD2-4002-A40C-567460890AC4}.Debug|Any CPU.Build.0 = Debug|Any CPU
		{A394F107-CAD2-4002-A40C-567460890AC4}.Release|Any CPU.ActiveCfg = Release|Any CPU
		{A394F107-CAD2-4002-A40C-567460890AC4}.Release|Any CPU.Build.0 = Release|Any CPU
		{FCBEFF20-39B6-445F-97A2-8775DD2BC0BF}.Debug|Any CPU.ActiveCfg = Debug|Any CPU
		{FCBEFF20-39B6-445F-97A2-8775DD2BC0BF}.Debug|Any CPU.Build.0 = Debug|Any CPU
		{FCBEFF20-39B6-445F-97A2-8775DD2BC0BF}.Release|Any CPU.ActiveCfg = Release|Any CPU
		{FCBEFF20-39B6-445F-97A2-8775DD2BC0BF}.Release|Any CPU.Build.0 = Release|Any CPU
		{E28343B2-CA53-4D9F-89AF-5EAD84B618C2}.Debug|Any CPU.ActiveCfg = Debug|Any CPU
		{E28343B2-CA53-4D9F-89AF-5EAD84B618C2}.Debug|Any CPU.Build.0 = Debug|Any CPU
		{E28343B2-CA53-4D9F-89AF-5EAD84B618C2}.Release|Any CPU.ActiveCfg = Release|Any CPU
		{E28343B2-CA53-4D9F-89AF-5EAD84B618C2}.Release|Any CPU.Build.0 = Release|Any CPU
		{3E6C1312-4897-42AE-BABE-4F6EC6C3D8E4}.Debug|Any CPU.ActiveCfg = Debug|Any CPU
		{3E6C1312-4897-42AE-BABE-4F6EC6C3D8E4}.Debug|Any CPU.Build.0 = Debug|Any CPU
		{3E6C1312-4897-42AE-BABE-4F6EC6C3D8E4}.Release|Any CPU.ActiveCfg = Release|Any CPU
		{3E6C1312-4897-42AE-BABE-4F6EC6C3D8E4}.Release|Any CPU.Build.0 = Release|Any CPU
		{D0BB6861-10DC-45A0-86BA-423199019856}.Debug|Any CPU.ActiveCfg = Debug|Any CPU
		{D0BB6861-10DC-45A0-86BA-423199019856}.Debug|Any CPU.Build.0 = Debug|Any CPU
		{D0BB6861-10DC-45A0-86BA-423199019856}.Release|Any CPU.ActiveCfg = Release|Any CPU
		{D0BB6861-10DC-45A0-86BA-423199019856}.Release|Any CPU.Build.0 = Release|Any CPU
		{FAEFF6D6-1929-4B8C-A97D-AE4761D68EB5}.Debug|Any CPU.ActiveCfg = Debug|Any CPU
		{FAEFF6D6-1929-4B8C-A97D-AE4761D68EB5}.Debug|Any CPU.Build.0 = Debug|Any CPU
		{FAEFF6D6-1929-4B8C-A97D-AE4761D68EB5}.Release|Any CPU.ActiveCfg = Release|Any CPU
		{FAEFF6D6-1929-4B8C-A97D-AE4761D68EB5}.Release|Any CPU.Build.0 = Release|Any CPU
		{E8CB369D-9C55-4C6C-9764-219A059D0470}.Debug|Any CPU.ActiveCfg = Debug|Any CPU
		{E8CB369D-9C55-4C6C-9764-219A059D0470}.Debug|Any CPU.Build.0 = Debug|Any CPU
		{E8CB369D-9C55-4C6C-9764-219A059D0470}.Release|Any CPU.ActiveCfg = Release|Any CPU
		{E8CB369D-9C55-4C6C-9764-219A059D0470}.Release|Any CPU.Build.0 = Release|Any CPU
		{3F1C48E4-264B-4C7D-972A-30A1E9DA614A}.Debug|Any CPU.ActiveCfg = Debug|Any CPU
		{3F1C48E4-264B-4C7D-972A-30A1E9DA614A}.Debug|Any CPU.Build.0 = Debug|Any CPU
		{3F1C48E4-264B-4C7D-972A-30A1E9DA614A}.Release|Any CPU.ActiveCfg = Release|Any CPU
		{3F1C48E4-264B-4C7D-972A-30A1E9DA614A}.Release|Any CPU.Build.0 = Release|Any CPU
		{05F5D117-3BAE-4F9F-B0DA-BF823B27DD65}.Debug|Any CPU.ActiveCfg = Debug|Any CPU
		{05F5D117-3BAE-4F9F-B0DA-BF823B27DD65}.Debug|Any CPU.Build.0 = Debug|Any CPU
		{05F5D117-3BAE-4F9F-B0DA-BF823B27DD65}.Release|Any CPU.ActiveCfg = Release|Any CPU
		{05F5D117-3BAE-4F9F-B0DA-BF823B27DD65}.Release|Any CPU.Build.0 = Release|Any CPU
		{4652CE1C-4353-4C58-BACD-1261D8F4FA73}.Debug|Any CPU.ActiveCfg = Debug|Any CPU
		{4652CE1C-4353-4C58-BACD-1261D8F4FA73}.Debug|Any CPU.Build.0 = Debug|Any CPU
		{4652CE1C-4353-4C58-BACD-1261D8F4FA73}.Release|Any CPU.ActiveCfg = Release|Any CPU
		{4652CE1C-4353-4C58-BACD-1261D8F4FA73}.Release|Any CPU.Build.0 = Release|Any CPU
		{C9552761-099E-466E-B400-52599C2ED796}.Debug|Any CPU.ActiveCfg = Debug|Any CPU
		{C9552761-099E-466E-B400-52599C2ED796}.Debug|Any CPU.Build.0 = Debug|Any CPU
		{C9552761-099E-466E-B400-52599C2ED796}.Release|Any CPU.ActiveCfg = Release|Any CPU
		{C9552761-099E-466E-B400-52599C2ED796}.Release|Any CPU.Build.0 = Release|Any CPU
		{1D0398F7-B373-494D-BE39-F1240B06EAA7}.Debug|Any CPU.ActiveCfg = Debug|Any CPU
		{1D0398F7-B373-494D-BE39-F1240B06EAA7}.Debug|Any CPU.Build.0 = Debug|Any CPU
		{1D0398F7-B373-494D-BE39-F1240B06EAA7}.Release|Any CPU.ActiveCfg = Release|Any CPU
		{1D0398F7-B373-494D-BE39-F1240B06EAA7}.Release|Any CPU.Build.0 = Release|Any CPU
		{C6D55018-94CC-4505-A574-6DF7A9005C2D}.Debug|Any CPU.ActiveCfg = Debug|Any CPU
		{C6D55018-94CC-4505-A574-6DF7A9005C2D}.Debug|Any CPU.Build.0 = Debug|Any CPU
		{C6D55018-94CC-4505-A574-6DF7A9005C2D}.Release|Any CPU.ActiveCfg = Release|Any CPU
		{C6D55018-94CC-4505-A574-6DF7A9005C2D}.Release|Any CPU.Build.0 = Release|Any CPU
		{5A5454B7-676A-4504-8EE4-A325ECD03165}.Debug|Any CPU.ActiveCfg = Debug|Any CPU
		{5A5454B7-676A-4504-8EE4-A325ECD03165}.Debug|Any CPU.Build.0 = Debug|Any CPU
		{5A5454B7-676A-4504-8EE4-A325ECD03165}.Release|Any CPU.ActiveCfg = Release|Any CPU
		{5A5454B7-676A-4504-8EE4-A325ECD03165}.Release|Any CPU.Build.0 = Release|Any CPU
		{F31CEAF8-49DF-4A82-BBCA-682593CA18E7}.Debug|Any CPU.ActiveCfg = Debug|Any CPU
		{F31CEAF8-49DF-4A82-BBCA-682593CA18E7}.Debug|Any CPU.Build.0 = Debug|Any CPU
		{F31CEAF8-49DF-4A82-BBCA-682593CA18E7}.Release|Any CPU.ActiveCfg = Release|Any CPU
		{F31CEAF8-49DF-4A82-BBCA-682593CA18E7}.Release|Any CPU.Build.0 = Release|Any CPU
		{09512864-2889-45B2-A437-F51561CF83C4}.Debug|Any CPU.ActiveCfg = Debug|Any CPU
		{09512864-2889-45B2-A437-F51561CF83C4}.Debug|Any CPU.Build.0 = Debug|Any CPU
		{09512864-2889-45B2-A437-F51561CF83C4}.Release|Any CPU.ActiveCfg = Release|Any CPU
		{09512864-2889-45B2-A437-F51561CF83C4}.Release|Any CPU.Build.0 = Release|Any CPU
		{BCAFDB36-24C8-4098-9E86-CE204FB22EF6}.Debug|Any CPU.ActiveCfg = Debug|Any CPU
		{BCAFDB36-24C8-4098-9E86-CE204FB22EF6}.Debug|Any CPU.Build.0 = Debug|Any CPU
		{BCAFDB36-24C8-4098-9E86-CE204FB22EF6}.Release|Any CPU.ActiveCfg = Release|Any CPU
		{BCAFDB36-24C8-4098-9E86-CE204FB22EF6}.Release|Any CPU.Build.0 = Release|Any CPU
		{8AB7F6D5-2D77-4498-8129-D4817A10F90F}.Debug|Any CPU.ActiveCfg = Debug|Any CPU
		{8AB7F6D5-2D77-4498-8129-D4817A10F90F}.Debug|Any CPU.Build.0 = Debug|Any CPU
		{8AB7F6D5-2D77-4498-8129-D4817A10F90F}.Release|Any CPU.ActiveCfg = Release|Any CPU
		{8AB7F6D5-2D77-4498-8129-D4817A10F90F}.Release|Any CPU.Build.0 = Release|Any CPU
		{1ACBDEEC-0C5F-4760-B369-FAB2AB7CE591}.Debug|Any CPU.ActiveCfg = Debug|Any CPU
		{1ACBDEEC-0C5F-4760-B369-FAB2AB7CE591}.Debug|Any CPU.Build.0 = Debug|Any CPU
		{1ACBDEEC-0C5F-4760-B369-FAB2AB7CE591}.Release|Any CPU.ActiveCfg = Release|Any CPU
		{1ACBDEEC-0C5F-4760-B369-FAB2AB7CE591}.Release|Any CPU.Build.0 = Release|Any CPU
		{C7730475-4000-47F9-97A7-7A165B453E59}.Debug|Any CPU.ActiveCfg = Debug|Any CPU
		{C7730475-4000-47F9-97A7-7A165B453E59}.Debug|Any CPU.Build.0 = Debug|Any CPU
		{C7730475-4000-47F9-97A7-7A165B453E59}.Release|Any CPU.ActiveCfg = Release|Any CPU
		{C7730475-4000-47F9-97A7-7A165B453E59}.Release|Any CPU.Build.0 = Release|Any CPU
		{6D771809-F98A-469F-BA7D-D200E9F54E51}.Debug|Any CPU.ActiveCfg = Debug|Any CPU
		{6D771809-F98A-469F-BA7D-D200E9F54E51}.Debug|Any CPU.Build.0 = Debug|Any CPU
		{6D771809-F98A-469F-BA7D-D200E9F54E51}.Release|Any CPU.ActiveCfg = Release|Any CPU
		{6D771809-F98A-469F-BA7D-D200E9F54E51}.Release|Any CPU.Build.0 = Release|Any CPU
		{2C82D53D-5178-485C-8FBD-1DFABA0A8145}.Debug|Any CPU.ActiveCfg = Debug|Any CPU
		{2C82D53D-5178-485C-8FBD-1DFABA0A8145}.Debug|Any CPU.Build.0 = Debug|Any CPU
		{2C82D53D-5178-485C-8FBD-1DFABA0A8145}.Release|Any CPU.ActiveCfg = Release|Any CPU
		{2C82D53D-5178-485C-8FBD-1DFABA0A8145}.Release|Any CPU.Build.0 = Release|Any CPU
		{76F41D88-E190-4896-9308-72CF9BCCA3E9}.Debug|Any CPU.ActiveCfg = Debug|Any CPU
		{76F41D88-E190-4896-9308-72CF9BCCA3E9}.Debug|Any CPU.Build.0 = Debug|Any CPU
		{76F41D88-E190-4896-9308-72CF9BCCA3E9}.Release|Any CPU.ActiveCfg = Release|Any CPU
		{76F41D88-E190-4896-9308-72CF9BCCA3E9}.Release|Any CPU.Build.0 = Release|Any CPU
		{0C06D77D-138D-41ED-8AC8-3B8976C64B8F}.Debug|Any CPU.ActiveCfg = Debug|Any CPU
		{0C06D77D-138D-41ED-8AC8-3B8976C64B8F}.Debug|Any CPU.Build.0 = Debug|Any CPU
		{0C06D77D-138D-41ED-8AC8-3B8976C64B8F}.Release|Any CPU.ActiveCfg = Release|Any CPU
		{0C06D77D-138D-41ED-8AC8-3B8976C64B8F}.Release|Any CPU.Build.0 = Release|Any CPU
		{50C0A15E-075D-4E5B-99DD-266103765986}.Debug|Any CPU.ActiveCfg = Debug|Any CPU
		{50C0A15E-075D-4E5B-99DD-266103765986}.Debug|Any CPU.Build.0 = Debug|Any CPU
		{50C0A15E-075D-4E5B-99DD-266103765986}.Release|Any CPU.ActiveCfg = Release|Any CPU
		{50C0A15E-075D-4E5B-99DD-266103765986}.Release|Any CPU.Build.0 = Release|Any CPU
		{F2A154D9-863B-43E2-8F44-6C0EF64A748B}.Debug|Any CPU.ActiveCfg = Debug|Any CPU
		{F2A154D9-863B-43E2-8F44-6C0EF64A748B}.Debug|Any CPU.Build.0 = Debug|Any CPU
		{F2A154D9-863B-43E2-8F44-6C0EF64A748B}.Release|Any CPU.ActiveCfg = Release|Any CPU
		{F2A154D9-863B-43E2-8F44-6C0EF64A748B}.Release|Any CPU.Build.0 = Release|Any CPU
		{F4D08182-5C21-4F20-AE49-A0ED884157CB}.Debug|Any CPU.ActiveCfg = Debug|Any CPU
		{F4D08182-5C21-4F20-AE49-A0ED884157CB}.Debug|Any CPU.Build.0 = Debug|Any CPU
		{F4D08182-5C21-4F20-AE49-A0ED884157CB}.Release|Any CPU.ActiveCfg = Release|Any CPU
		{F4D08182-5C21-4F20-AE49-A0ED884157CB}.Release|Any CPU.Build.0 = Release|Any CPU
		{1DF56BD7-4699-40AE-95B3-9E144599E70B}.Debug|Any CPU.ActiveCfg = Debug|Any CPU
		{1DF56BD7-4699-40AE-95B3-9E144599E70B}.Debug|Any CPU.Build.0 = Debug|Any CPU
		{1DF56BD7-4699-40AE-95B3-9E144599E70B}.Release|Any CPU.ActiveCfg = Release|Any CPU
		{1DF56BD7-4699-40AE-95B3-9E144599E70B}.Release|Any CPU.Build.0 = Release|Any CPU
		{EE50D819-1AB9-46EB-AA01-716D81FA0B05}.Debug|Any CPU.ActiveCfg = Debug|Any CPU
		{EE50D819-1AB9-46EB-AA01-716D81FA0B05}.Debug|Any CPU.Build.0 = Debug|Any CPU
		{EE50D819-1AB9-46EB-AA01-716D81FA0B05}.Release|Any CPU.ActiveCfg = Release|Any CPU
		{EE50D819-1AB9-46EB-AA01-716D81FA0B05}.Release|Any CPU.Build.0 = Release|Any CPU
		{436264DA-A22E-4C32-8AC9-9CF9EB3D5C82}.Debug|Any CPU.ActiveCfg = Debug|Any CPU
		{436264DA-A22E-4C32-8AC9-9CF9EB3D5C82}.Debug|Any CPU.Build.0 = Debug|Any CPU
		{436264DA-A22E-4C32-8AC9-9CF9EB3D5C82}.Release|Any CPU.ActiveCfg = Release|Any CPU
		{436264DA-A22E-4C32-8AC9-9CF9EB3D5C82}.Release|Any CPU.Build.0 = Release|Any CPU
		{619C98E7-04B5-4498-882B-652CA7AFE38B}.Debug|Any CPU.ActiveCfg = Debug|Any CPU
		{619C98E7-04B5-4498-882B-652CA7AFE38B}.Debug|Any CPU.Build.0 = Debug|Any CPU
		{619C98E7-04B5-4498-882B-652CA7AFE38B}.Release|Any CPU.ActiveCfg = Release|Any CPU
		{619C98E7-04B5-4498-882B-652CA7AFE38B}.Release|Any CPU.Build.0 = Release|Any CPU
		{DB3683A9-648C-4E1D-A694-E2555274AD0B}.Debug|Any CPU.ActiveCfg = Debug|Any CPU
		{DB3683A9-648C-4E1D-A694-E2555274AD0B}.Debug|Any CPU.Build.0 = Debug|Any CPU
		{DB3683A9-648C-4E1D-A694-E2555274AD0B}.Release|Any CPU.ActiveCfg = Release|Any CPU
		{DB3683A9-648C-4E1D-A694-E2555274AD0B}.Release|Any CPU.Build.0 = Release|Any CPU
		{D384DD89-BBD2-4B64-AF62-D83731DDB969}.Debug|Any CPU.ActiveCfg = Debug|Any CPU
		{D384DD89-BBD2-4B64-AF62-D83731DDB969}.Debug|Any CPU.Build.0 = Debug|Any CPU
		{D384DD89-BBD2-4B64-AF62-D83731DDB969}.Release|Any CPU.ActiveCfg = Release|Any CPU
		{D384DD89-BBD2-4B64-AF62-D83731DDB969}.Release|Any CPU.Build.0 = Release|Any CPU
		{A71CCB0F-6BBF-4ADB-A1E8-B6FE4680AEEF}.Debug|Any CPU.ActiveCfg = Debug|Any CPU
		{A71CCB0F-6BBF-4ADB-A1E8-B6FE4680AEEF}.Debug|Any CPU.Build.0 = Debug|Any CPU
		{A71CCB0F-6BBF-4ADB-A1E8-B6FE4680AEEF}.Release|Any CPU.ActiveCfg = Release|Any CPU
		{A71CCB0F-6BBF-4ADB-A1E8-B6FE4680AEEF}.Release|Any CPU.Build.0 = Release|Any CPU
		{1371ECB5-24DD-49C1-8E70-BF9CA2E86932}.Debug|Any CPU.ActiveCfg = Debug|Any CPU
		{1371ECB5-24DD-49C1-8E70-BF9CA2E86932}.Debug|Any CPU.Build.0 = Debug|Any CPU
		{1371ECB5-24DD-49C1-8E70-BF9CA2E86932}.Release|Any CPU.ActiveCfg = Release|Any CPU
		{1371ECB5-24DD-49C1-8E70-BF9CA2E86932}.Release|Any CPU.Build.0 = Release|Any CPU
		{D08AEFF6-E001-4D2D-8CBA-52FF8DD78D4F}.Debug|Any CPU.ActiveCfg = Debug|Any CPU
		{D08AEFF6-E001-4D2D-8CBA-52FF8DD78D4F}.Debug|Any CPU.Build.0 = Debug|Any CPU
		{D08AEFF6-E001-4D2D-8CBA-52FF8DD78D4F}.Release|Any CPU.ActiveCfg = Release|Any CPU
		{D08AEFF6-E001-4D2D-8CBA-52FF8DD78D4F}.Release|Any CPU.Build.0 = Release|Any CPU
		{87411401-2A70-4F55-8142-97DEB345B7C3}.Debug|Any CPU.ActiveCfg = Debug|Any CPU
		{87411401-2A70-4F55-8142-97DEB345B7C3}.Debug|Any CPU.Build.0 = Debug|Any CPU
		{87411401-2A70-4F55-8142-97DEB345B7C3}.Release|Any CPU.ActiveCfg = Release|Any CPU
		{87411401-2A70-4F55-8142-97DEB345B7C3}.Release|Any CPU.Build.0 = Release|Any CPU
		{99A078B9-04CE-4071-928D-58F514BB1F52}.Debug|Any CPU.ActiveCfg = Debug|Any CPU
		{99A078B9-04CE-4071-928D-58F514BB1F52}.Debug|Any CPU.Build.0 = Debug|Any CPU
		{99A078B9-04CE-4071-928D-58F514BB1F52}.Release|Any CPU.ActiveCfg = Release|Any CPU
		{99A078B9-04CE-4071-928D-58F514BB1F52}.Release|Any CPU.Build.0 = Release|Any CPU
		{A463EE6B-22E2-4349-BBAF-2450A58B0BD5}.Debug|Any CPU.ActiveCfg = Debug|Any CPU
		{A463EE6B-22E2-4349-BBAF-2450A58B0BD5}.Debug|Any CPU.Build.0 = Debug|Any CPU
		{A463EE6B-22E2-4349-BBAF-2450A58B0BD5}.Release|Any CPU.ActiveCfg = Release|Any CPU
		{A463EE6B-22E2-4349-BBAF-2450A58B0BD5}.Release|Any CPU.Build.0 = Release|Any CPU
		{EC1BCCB2-C2A8-4115-8F20-980EF363F7F3}.Debug|Any CPU.ActiveCfg = Debug|Any CPU
		{EC1BCCB2-C2A8-4115-8F20-980EF363F7F3}.Debug|Any CPU.Build.0 = Debug|Any CPU
		{EC1BCCB2-C2A8-4115-8F20-980EF363F7F3}.Release|Any CPU.ActiveCfg = Release|Any CPU
		{EC1BCCB2-C2A8-4115-8F20-980EF363F7F3}.Release|Any CPU.Build.0 = Release|Any CPU
		{D30470A8-13B6-4BEE-AFFD-02A0F9903491}.Debug|Any CPU.ActiveCfg = Debug|Any CPU
		{D30470A8-13B6-4BEE-AFFD-02A0F9903491}.Debug|Any CPU.Build.0 = Debug|Any CPU
		{D30470A8-13B6-4BEE-AFFD-02A0F9903491}.Release|Any CPU.ActiveCfg = Release|Any CPU
		{D30470A8-13B6-4BEE-AFFD-02A0F9903491}.Release|Any CPU.Build.0 = Release|Any CPU
		{2479E004-6485-415F-A02B-9806947F3AD4}.Debug|Any CPU.ActiveCfg = Debug|Any CPU
		{2479E004-6485-415F-A02B-9806947F3AD4}.Debug|Any CPU.Build.0 = Debug|Any CPU
		{2479E004-6485-415F-A02B-9806947F3AD4}.Release|Any CPU.ActiveCfg = Release|Any CPU
		{2479E004-6485-415F-A02B-9806947F3AD4}.Release|Any CPU.Build.0 = Release|Any CPU
		{C8C11DA8-6829-4043-A09C-94373E4DA7E6}.Debug|Any CPU.ActiveCfg = Debug|Any CPU
		{C8C11DA8-6829-4043-A09C-94373E4DA7E6}.Debug|Any CPU.Build.0 = Debug|Any CPU
		{C8C11DA8-6829-4043-A09C-94373E4DA7E6}.Release|Any CPU.ActiveCfg = Release|Any CPU
		{C8C11DA8-6829-4043-A09C-94373E4DA7E6}.Release|Any CPU.Build.0 = Release|Any CPU
		{A432EE9A-E461-4E03-8F04-B37F2B3B329F}.Debug|Any CPU.ActiveCfg = Debug|Any CPU
		{A432EE9A-E461-4E03-8F04-B37F2B3B329F}.Debug|Any CPU.Build.0 = Debug|Any CPU
		{A432EE9A-E461-4E03-8F04-B37F2B3B329F}.Release|Any CPU.ActiveCfg = Release|Any CPU
		{A432EE9A-E461-4E03-8F04-B37F2B3B329F}.Release|Any CPU.Build.0 = Release|Any CPU
		{956ECB57-CDA7-468D-A0F8-E6CDF0EB7FAC}.Debug|Any CPU.ActiveCfg = Debug|Any CPU
		{956ECB57-CDA7-468D-A0F8-E6CDF0EB7FAC}.Debug|Any CPU.Build.0 = Debug|Any CPU
		{956ECB57-CDA7-468D-A0F8-E6CDF0EB7FAC}.Release|Any CPU.ActiveCfg = Release|Any CPU
		{956ECB57-CDA7-468D-A0F8-E6CDF0EB7FAC}.Release|Any CPU.Build.0 = Release|Any CPU
		{B6FC1ED3-49AE-483C-815A-E605DE3CA75C}.Debug|Any CPU.ActiveCfg = Debug|Any CPU
		{B6FC1ED3-49AE-483C-815A-E605DE3CA75C}.Debug|Any CPU.Build.0 = Debug|Any CPU
		{B6FC1ED3-49AE-483C-815A-E605DE3CA75C}.Release|Any CPU.ActiveCfg = Release|Any CPU
		{B6FC1ED3-49AE-483C-815A-E605DE3CA75C}.Release|Any CPU.Build.0 = Release|Any CPU
		{8E2AD30A-2578-4E17-8F07-304876EB4368}.Debug|Any CPU.ActiveCfg = Debug|Any CPU
		{8E2AD30A-2578-4E17-8F07-304876EB4368}.Debug|Any CPU.Build.0 = Debug|Any CPU
		{8E2AD30A-2578-4E17-8F07-304876EB4368}.Release|Any CPU.ActiveCfg = Release|Any CPU
		{8E2AD30A-2578-4E17-8F07-304876EB4368}.Release|Any CPU.Build.0 = Release|Any CPU
		{EEED9B94-5CEF-4C65-8C35-37B90120759F}.Debug|Any CPU.ActiveCfg = Debug|Any CPU
		{EEED9B94-5CEF-4C65-8C35-37B90120759F}.Debug|Any CPU.Build.0 = Debug|Any CPU
		{EEED9B94-5CEF-4C65-8C35-37B90120759F}.Release|Any CPU.ActiveCfg = Release|Any CPU
		{EEED9B94-5CEF-4C65-8C35-37B90120759F}.Release|Any CPU.Build.0 = Release|Any CPU
		{6A9492CD-1561-4774-93E4-22636DC56922}.Debug|Any CPU.ActiveCfg = Debug|Any CPU
		{6A9492CD-1561-4774-93E4-22636DC56922}.Debug|Any CPU.Build.0 = Debug|Any CPU
		{6A9492CD-1561-4774-93E4-22636DC56922}.Release|Any CPU.ActiveCfg = Release|Any CPU
		{6A9492CD-1561-4774-93E4-22636DC56922}.Release|Any CPU.Build.0 = Release|Any CPU
		{0E535F13-DF0E-4C29-B3A5-0C187DEB9D6D}.Debug|Any CPU.ActiveCfg = Debug|Any CPU
		{0E535F13-DF0E-4C29-B3A5-0C187DEB9D6D}.Debug|Any CPU.Build.0 = Debug|Any CPU
		{0E535F13-DF0E-4C29-B3A5-0C187DEB9D6D}.Release|Any CPU.ActiveCfg = Release|Any CPU
		{0E535F13-DF0E-4C29-B3A5-0C187DEB9D6D}.Release|Any CPU.Build.0 = Release|Any CPU
		{DC08E781-E8C5-4474-9288-929CC443A51A}.Debug|Any CPU.ActiveCfg = Debug|Any CPU
		{DC08E781-E8C5-4474-9288-929CC443A51A}.Debug|Any CPU.Build.0 = Debug|Any CPU
		{DC08E781-E8C5-4474-9288-929CC443A51A}.Release|Any CPU.ActiveCfg = Release|Any CPU
		{DC08E781-E8C5-4474-9288-929CC443A51A}.Release|Any CPU.Build.0 = Release|Any CPU
		{8CFFDDDB-6A00-462D-951C-47CA0DB46C9D}.Debug|Any CPU.ActiveCfg = Debug|Any CPU
		{8CFFDDDB-6A00-462D-951C-47CA0DB46C9D}.Debug|Any CPU.Build.0 = Debug|Any CPU
		{8CFFDDDB-6A00-462D-951C-47CA0DB46C9D}.Release|Any CPU.ActiveCfg = Release|Any CPU
		{8CFFDDDB-6A00-462D-951C-47CA0DB46C9D}.Release|Any CPU.Build.0 = Release|Any CPU
		{B093E608-E61A-4465-A466-6918048BF893}.Debug|Any CPU.ActiveCfg = Debug|Any CPU
		{B093E608-E61A-4465-A466-6918048BF893}.Debug|Any CPU.Build.0 = Debug|Any CPU
		{B093E608-E61A-4465-A466-6918048BF893}.Release|Any CPU.ActiveCfg = Release|Any CPU
		{B093E608-E61A-4465-A466-6918048BF893}.Release|Any CPU.Build.0 = Release|Any CPU
		{0759369F-3625-499F-90E2-0053ABC77165}.Debug|Any CPU.ActiveCfg = Debug|Any CPU
		{0759369F-3625-499F-90E2-0053ABC77165}.Debug|Any CPU.Build.0 = Debug|Any CPU
		{0759369F-3625-499F-90E2-0053ABC77165}.Release|Any CPU.ActiveCfg = Release|Any CPU
		{0759369F-3625-499F-90E2-0053ABC77165}.Release|Any CPU.Build.0 = Release|Any CPU
		{D3034748-5726-4211-BD1F-05C72F44F6DF}.Debug|Any CPU.ActiveCfg = Debug|Any CPU
		{D3034748-5726-4211-BD1F-05C72F44F6DF}.Debug|Any CPU.Build.0 = Debug|Any CPU
		{D3034748-5726-4211-BD1F-05C72F44F6DF}.Release|Any CPU.ActiveCfg = Release|Any CPU
		{D3034748-5726-4211-BD1F-05C72F44F6DF}.Release|Any CPU.Build.0 = Release|Any CPU
		{A1BAFA4D-1BEE-495F-AC58-B7C5ECF70DEE}.Debug|Any CPU.ActiveCfg = Debug|Any CPU
		{A1BAFA4D-1BEE-495F-AC58-B7C5ECF70DEE}.Debug|Any CPU.Build.0 = Debug|Any CPU
		{A1BAFA4D-1BEE-495F-AC58-B7C5ECF70DEE}.Release|Any CPU.ActiveCfg = Release|Any CPU
		{A1BAFA4D-1BEE-495F-AC58-B7C5ECF70DEE}.Release|Any CPU.Build.0 = Release|Any CPU
		{94E5354B-2AAD-44A8-8790-54CC2FA80017}.Debug|Any CPU.ActiveCfg = Debug|Any CPU
		{94E5354B-2AAD-44A8-8790-54CC2FA80017}.Debug|Any CPU.Build.0 = Debug|Any CPU
		{94E5354B-2AAD-44A8-8790-54CC2FA80017}.Release|Any CPU.ActiveCfg = Release|Any CPU
		{94E5354B-2AAD-44A8-8790-54CC2FA80017}.Release|Any CPU.Build.0 = Release|Any CPU
		{6A574887-AB88-47B6-908E-3C38D84CFE13}.Debug|Any CPU.ActiveCfg = Debug|Any CPU
		{6A574887-AB88-47B6-908E-3C38D84CFE13}.Debug|Any CPU.Build.0 = Debug|Any CPU
		{6A574887-AB88-47B6-908E-3C38D84CFE13}.Release|Any CPU.ActiveCfg = Release|Any CPU
		{6A574887-AB88-47B6-908E-3C38D84CFE13}.Release|Any CPU.Build.0 = Release|Any CPU
		{4C884AFE-4EF8-4836-9108-08290311656F}.Debug|Any CPU.ActiveCfg = Debug|Any CPU
		{4C884AFE-4EF8-4836-9108-08290311656F}.Debug|Any CPU.Build.0 = Debug|Any CPU
		{4C884AFE-4EF8-4836-9108-08290311656F}.Release|Any CPU.ActiveCfg = Release|Any CPU
		{4C884AFE-4EF8-4836-9108-08290311656F}.Release|Any CPU.Build.0 = Release|Any CPU
		{0B9ED797-C5BE-4204-9DA8-A0796879A892}.Debug|Any CPU.ActiveCfg = Debug|Any CPU
		{0B9ED797-C5BE-4204-9DA8-A0796879A892}.Debug|Any CPU.Build.0 = Debug|Any CPU
		{0B9ED797-C5BE-4204-9DA8-A0796879A892}.Release|Any CPU.ActiveCfg = Release|Any CPU
		{0B9ED797-C5BE-4204-9DA8-A0796879A892}.Release|Any CPU.Build.0 = Release|Any CPU
		{717E7800-0431-410E-919D-7B7495C3351E}.Debug|Any CPU.ActiveCfg = Debug|Any CPU
		{717E7800-0431-410E-919D-7B7495C3351E}.Debug|Any CPU.Build.0 = Debug|Any CPU
		{717E7800-0431-410E-919D-7B7495C3351E}.Release|Any CPU.ActiveCfg = Release|Any CPU
		{717E7800-0431-410E-919D-7B7495C3351E}.Release|Any CPU.Build.0 = Release|Any CPU
		{973C2F3B-7E7D-46E8-AAA4-FA444BBC9E25}.Debug|Any CPU.ActiveCfg = Debug|Any CPU
		{973C2F3B-7E7D-46E8-AAA4-FA444BBC9E25}.Debug|Any CPU.Build.0 = Debug|Any CPU
		{973C2F3B-7E7D-46E8-AAA4-FA444BBC9E25}.Release|Any CPU.ActiveCfg = Release|Any CPU
		{973C2F3B-7E7D-46E8-AAA4-FA444BBC9E25}.Release|Any CPU.Build.0 = Release|Any CPU
		{075A4702-B316-48E9-BD36-C5C7B6FEE3DD}.Debug|Any CPU.ActiveCfg = Debug|Any CPU
		{075A4702-B316-48E9-BD36-C5C7B6FEE3DD}.Debug|Any CPU.Build.0 = Debug|Any CPU
		{075A4702-B316-48E9-BD36-C5C7B6FEE3DD}.Release|Any CPU.ActiveCfg = Release|Any CPU
		{075A4702-B316-48E9-BD36-C5C7B6FEE3DD}.Release|Any CPU.Build.0 = Release|Any CPU
		{3B21E621-39CB-4EEE-8984-A601F77229DB}.Debug|Any CPU.ActiveCfg = Debug|Any CPU
		{3B21E621-39CB-4EEE-8984-A601F77229DB}.Debug|Any CPU.Build.0 = Debug|Any CPU
		{3B21E621-39CB-4EEE-8984-A601F77229DB}.Release|Any CPU.ActiveCfg = Release|Any CPU
		{3B21E621-39CB-4EEE-8984-A601F77229DB}.Release|Any CPU.Build.0 = Release|Any CPU
		{3B243676-56E3-4C1F-BA8D-5F79B1BD1DC7}.Debug|Any CPU.ActiveCfg = Debug|Any CPU
		{3B243676-56E3-4C1F-BA8D-5F79B1BD1DC7}.Debug|Any CPU.Build.0 = Debug|Any CPU
		{3B243676-56E3-4C1F-BA8D-5F79B1BD1DC7}.Release|Any CPU.ActiveCfg = Release|Any CPU
		{3B243676-56E3-4C1F-BA8D-5F79B1BD1DC7}.Release|Any CPU.Build.0 = Release|Any CPU
		{27D6D3A2-D1F6-4C78-B668-D06D78AB3F83}.Debug|Any CPU.ActiveCfg = Debug|Any CPU
		{27D6D3A2-D1F6-4C78-B668-D06D78AB3F83}.Debug|Any CPU.Build.0 = Debug|Any CPU
		{27D6D3A2-D1F6-4C78-B668-D06D78AB3F83}.Release|Any CPU.ActiveCfg = Release|Any CPU
		{27D6D3A2-D1F6-4C78-B668-D06D78AB3F83}.Release|Any CPU.Build.0 = Release|Any CPU
		{1A9E2920-6A24-420D-A316-7742CF09E9EF}.Debug|Any CPU.ActiveCfg = Debug|Any CPU
		{1A9E2920-6A24-420D-A316-7742CF09E9EF}.Debug|Any CPU.Build.0 = Debug|Any CPU
		{1A9E2920-6A24-420D-A316-7742CF09E9EF}.Release|Any CPU.ActiveCfg = Release|Any CPU
		{1A9E2920-6A24-420D-A316-7742CF09E9EF}.Release|Any CPU.Build.0 = Release|Any CPU
		{A9410B17-719C-4F6C-9A68-A3EC68889AB5}.Debug|Any CPU.ActiveCfg = Debug|Any CPU
		{A9410B17-719C-4F6C-9A68-A3EC68889AB5}.Debug|Any CPU.Build.0 = Debug|Any CPU
		{A9410B17-719C-4F6C-9A68-A3EC68889AB5}.Release|Any CPU.ActiveCfg = Release|Any CPU
		{A9410B17-719C-4F6C-9A68-A3EC68889AB5}.Release|Any CPU.Build.0 = Release|Any CPU
		{3A2EDD16-8EC2-463E-8B71-F1795B185203}.Debug|Any CPU.ActiveCfg = Debug|Any CPU
		{3A2EDD16-8EC2-463E-8B71-F1795B185203}.Debug|Any CPU.Build.0 = Debug|Any CPU
		{3A2EDD16-8EC2-463E-8B71-F1795B185203}.Release|Any CPU.ActiveCfg = Release|Any CPU
		{3A2EDD16-8EC2-463E-8B71-F1795B185203}.Release|Any CPU.Build.0 = Release|Any CPU
		{5FDE4319-BEAD-4505-9B01-9D2792A6EC4D}.Debug|Any CPU.ActiveCfg = Debug|Any CPU
		{5FDE4319-BEAD-4505-9B01-9D2792A6EC4D}.Debug|Any CPU.Build.0 = Debug|Any CPU
		{5FDE4319-BEAD-4505-9B01-9D2792A6EC4D}.Release|Any CPU.ActiveCfg = Release|Any CPU
		{5FDE4319-BEAD-4505-9B01-9D2792A6EC4D}.Release|Any CPU.Build.0 = Release|Any CPU
		{2930BB63-4856-4875-BDB5-8B96BC62D0C5}.Debug|Any CPU.ActiveCfg = Debug|Any CPU
		{2930BB63-4856-4875-BDB5-8B96BC62D0C5}.Debug|Any CPU.Build.0 = Debug|Any CPU
		{2930BB63-4856-4875-BDB5-8B96BC62D0C5}.Release|Any CPU.ActiveCfg = Release|Any CPU
		{2930BB63-4856-4875-BDB5-8B96BC62D0C5}.Release|Any CPU.Build.0 = Release|Any CPU
		{8D7EE186-B33F-470C-B62A-9D90A72BAB8E}.Debug|Any CPU.ActiveCfg = Debug|Any CPU
		{8D7EE186-B33F-470C-B62A-9D90A72BAB8E}.Debug|Any CPU.Build.0 = Debug|Any CPU
		{8D7EE186-B33F-470C-B62A-9D90A72BAB8E}.Release|Any CPU.ActiveCfg = Release|Any CPU
		{8D7EE186-B33F-470C-B62A-9D90A72BAB8E}.Release|Any CPU.Build.0 = Release|Any CPU
		{B94C04CE-A39A-4C86-8DA4-64074EC099D2}.Debug|Any CPU.ActiveCfg = Debug|Any CPU
		{B94C04CE-A39A-4C86-8DA4-64074EC099D2}.Debug|Any CPU.Build.0 = Debug|Any CPU
		{B94C04CE-A39A-4C86-8DA4-64074EC099D2}.Release|Any CPU.ActiveCfg = Release|Any CPU
		{B94C04CE-A39A-4C86-8DA4-64074EC099D2}.Release|Any CPU.Build.0 = Release|Any CPU
		{629353A2-5C38-4141-9035-B1D0F9770011}.Debug|Any CPU.ActiveCfg = Debug|Any CPU
		{629353A2-5C38-4141-9035-B1D0F9770011}.Debug|Any CPU.Build.0 = Debug|Any CPU
		{629353A2-5C38-4141-9035-B1D0F9770011}.Release|Any CPU.ActiveCfg = Release|Any CPU
		{629353A2-5C38-4141-9035-B1D0F9770011}.Release|Any CPU.Build.0 = Release|Any CPU
		{4BDF6B3D-1756-4AE6-B14F-7917457A978E}.Debug|Any CPU.ActiveCfg = Debug|Any CPU
		{4BDF6B3D-1756-4AE6-B14F-7917457A978E}.Debug|Any CPU.Build.0 = Debug|Any CPU
		{4BDF6B3D-1756-4AE6-B14F-7917457A978E}.Release|Any CPU.ActiveCfg = Release|Any CPU
		{4BDF6B3D-1756-4AE6-B14F-7917457A978E}.Release|Any CPU.Build.0 = Release|Any CPU
		{0D915770-F070-4076-9307-DB7F2D181D49}.Debug|Any CPU.ActiveCfg = Debug|Any CPU
		{0D915770-F070-4076-9307-DB7F2D181D49}.Debug|Any CPU.Build.0 = Debug|Any CPU
		{0D915770-F070-4076-9307-DB7F2D181D49}.Release|Any CPU.ActiveCfg = Release|Any CPU
		{0D915770-F070-4076-9307-DB7F2D181D49}.Release|Any CPU.Build.0 = Release|Any CPU
		{100736B1-962D-4C5A-B813-B5A94D2810D0}.Debug|Any CPU.ActiveCfg = Debug|Any CPU
		{100736B1-962D-4C5A-B813-B5A94D2810D0}.Debug|Any CPU.Build.0 = Debug|Any CPU
		{100736B1-962D-4C5A-B813-B5A94D2810D0}.Release|Any CPU.ActiveCfg = Release|Any CPU
		{100736B1-962D-4C5A-B813-B5A94D2810D0}.Release|Any CPU.Build.0 = Release|Any CPU
		{33F42EBB-48E8-4FC3-929F-4962129C9CD7}.Debug|Any CPU.ActiveCfg = Debug|Any CPU
		{33F42EBB-48E8-4FC3-929F-4962129C9CD7}.Debug|Any CPU.Build.0 = Debug|Any CPU
		{33F42EBB-48E8-4FC3-929F-4962129C9CD7}.Release|Any CPU.ActiveCfg = Release|Any CPU
		{33F42EBB-48E8-4FC3-929F-4962129C9CD7}.Release|Any CPU.Build.0 = Release|Any CPU
		{FEE3BFD8-2E72-4290-A4C9-C7FEF78BBE51}.Debug|Any CPU.ActiveCfg = Debug|Any CPU
		{FEE3BFD8-2E72-4290-A4C9-C7FEF78BBE51}.Debug|Any CPU.Build.0 = Debug|Any CPU
		{FEE3BFD8-2E72-4290-A4C9-C7FEF78BBE51}.Release|Any CPU.ActiveCfg = Release|Any CPU
		{FEE3BFD8-2E72-4290-A4C9-C7FEF78BBE51}.Release|Any CPU.Build.0 = Release|Any CPU
		{927CC410-3A20-4524-B0F5-5D95382608E0}.Debug|Any CPU.ActiveCfg = Debug|Any CPU
		{927CC410-3A20-4524-B0F5-5D95382608E0}.Debug|Any CPU.Build.0 = Debug|Any CPU
		{927CC410-3A20-4524-B0F5-5D95382608E0}.Release|Any CPU.ActiveCfg = Release|Any CPU
		{927CC410-3A20-4524-B0F5-5D95382608E0}.Release|Any CPU.Build.0 = Release|Any CPU
		{D3F75E90-EE4A-48C1-B986-564E14A10E9A}.Debug|Any CPU.ActiveCfg = Debug|Any CPU
		{D3F75E90-EE4A-48C1-B986-564E14A10E9A}.Debug|Any CPU.Build.0 = Debug|Any CPU
		{D3F75E90-EE4A-48C1-B986-564E14A10E9A}.Release|Any CPU.ActiveCfg = Release|Any CPU
		{D3F75E90-EE4A-48C1-B986-564E14A10E9A}.Release|Any CPU.Build.0 = Release|Any CPU
		{62FAF4A4-E93F-42BF-BC82-F036BC974FE9}.Debug|Any CPU.ActiveCfg = Debug|Any CPU
		{62FAF4A4-E93F-42BF-BC82-F036BC974FE9}.Debug|Any CPU.Build.0 = Debug|Any CPU
		{62FAF4A4-E93F-42BF-BC82-F036BC974FE9}.Release|Any CPU.ActiveCfg = Release|Any CPU
		{62FAF4A4-E93F-42BF-BC82-F036BC974FE9}.Release|Any CPU.Build.0 = Release|Any CPU
		{FD552030-F00A-45E4-BC0E-73BB2B9D4D47}.Debug|Any CPU.ActiveCfg = Debug|Any CPU
		{FD552030-F00A-45E4-BC0E-73BB2B9D4D47}.Debug|Any CPU.Build.0 = Debug|Any CPU
		{FD552030-F00A-45E4-BC0E-73BB2B9D4D47}.Release|Any CPU.ActiveCfg = Release|Any CPU
		{FD552030-F00A-45E4-BC0E-73BB2B9D4D47}.Release|Any CPU.Build.0 = Release|Any CPU
		{1B5D618F-639A-49AA-95C7-DBEB3DB4515A}.Debug|Any CPU.ActiveCfg = Debug|Any CPU
		{1B5D618F-639A-49AA-95C7-DBEB3DB4515A}.Debug|Any CPU.Build.0 = Debug|Any CPU
		{1B5D618F-639A-49AA-95C7-DBEB3DB4515A}.Release|Any CPU.ActiveCfg = Release|Any CPU
		{1B5D618F-639A-49AA-95C7-DBEB3DB4515A}.Release|Any CPU.Build.0 = Release|Any CPU
		{CAA4EB90-E1E8-4BF1-9628-9E84833C7069}.Debug|Any CPU.ActiveCfg = Debug|Any CPU
		{CAA4EB90-E1E8-4BF1-9628-9E84833C7069}.Debug|Any CPU.Build.0 = Debug|Any CPU
		{CAA4EB90-E1E8-4BF1-9628-9E84833C7069}.Release|Any CPU.ActiveCfg = Release|Any CPU
		{CAA4EB90-E1E8-4BF1-9628-9E84833C7069}.Release|Any CPU.Build.0 = Release|Any CPU
		{640889B4-1895-4384-BECF-23057DA5B8D1}.Debug|Any CPU.ActiveCfg = Debug|Any CPU
		{640889B4-1895-4384-BECF-23057DA5B8D1}.Debug|Any CPU.Build.0 = Debug|Any CPU
		{640889B4-1895-4384-BECF-23057DA5B8D1}.Release|Any CPU.ActiveCfg = Release|Any CPU
		{640889B4-1895-4384-BECF-23057DA5B8D1}.Release|Any CPU.Build.0 = Release|Any CPU
		{9FCCFE33-5E2B-46C9-810D-284DFF1DA782}.Debug|Any CPU.ActiveCfg = Debug|Any CPU
		{9FCCFE33-5E2B-46C9-810D-284DFF1DA782}.Debug|Any CPU.Build.0 = Debug|Any CPU
		{9FCCFE33-5E2B-46C9-810D-284DFF1DA782}.Release|Any CPU.ActiveCfg = Release|Any CPU
		{9FCCFE33-5E2B-46C9-810D-284DFF1DA782}.Release|Any CPU.Build.0 = Release|Any CPU
		{914647C2-57BC-4241-B070-E015ECD03F49}.Debug|Any CPU.ActiveCfg = Debug|Any CPU
		{914647C2-57BC-4241-B070-E015ECD03F49}.Debug|Any CPU.Build.0 = Debug|Any CPU
		{914647C2-57BC-4241-B070-E015ECD03F49}.Release|Any CPU.ActiveCfg = Release|Any CPU
		{914647C2-57BC-4241-B070-E015ECD03F49}.Release|Any CPU.Build.0 = Release|Any CPU
		{44E2D9A3-F313-41BE-903E-75DC287E4AEB}.Debug|Any CPU.ActiveCfg = Debug|Any CPU
		{44E2D9A3-F313-41BE-903E-75DC287E4AEB}.Debug|Any CPU.Build.0 = Debug|Any CPU
		{44E2D9A3-F313-41BE-903E-75DC287E4AEB}.Release|Any CPU.ActiveCfg = Release|Any CPU
		{44E2D9A3-F313-41BE-903E-75DC287E4AEB}.Release|Any CPU.Build.0 = Release|Any CPU
		{003A5D57-1CBA-484A-9FAC-66A62FEE8757}.Debug|Any CPU.ActiveCfg = Debug|Any CPU
		{003A5D57-1CBA-484A-9FAC-66A62FEE8757}.Debug|Any CPU.Build.0 = Debug|Any CPU
		{003A5D57-1CBA-484A-9FAC-66A62FEE8757}.Release|Any CPU.ActiveCfg = Release|Any CPU
		{003A5D57-1CBA-484A-9FAC-66A62FEE8757}.Release|Any CPU.Build.0 = Release|Any CPU
		{575B0572-98E6-480E-BB4D-A34605C16219}.Debug|Any CPU.ActiveCfg = Debug|Any CPU
		{575B0572-98E6-480E-BB4D-A34605C16219}.Debug|Any CPU.Build.0 = Debug|Any CPU
		{575B0572-98E6-480E-BB4D-A34605C16219}.Release|Any CPU.ActiveCfg = Release|Any CPU
		{575B0572-98E6-480E-BB4D-A34605C16219}.Release|Any CPU.Build.0 = Release|Any CPU
		{B54534C3-180B-46F3-BCDE-FF4E8487A936}.Debug|Any CPU.ActiveCfg = Debug|Any CPU
		{B54534C3-180B-46F3-BCDE-FF4E8487A936}.Debug|Any CPU.Build.0 = Debug|Any CPU
		{B54534C3-180B-46F3-BCDE-FF4E8487A936}.Release|Any CPU.ActiveCfg = Release|Any CPU
		{B54534C3-180B-46F3-BCDE-FF4E8487A936}.Release|Any CPU.Build.0 = Release|Any CPU
		{D8CDB4D2-EA9E-42B8-ADA4-2995E19A9AB5}.Debug|Any CPU.ActiveCfg = Debug|Any CPU
		{D8CDB4D2-EA9E-42B8-ADA4-2995E19A9AB5}.Debug|Any CPU.Build.0 = Debug|Any CPU
		{D8CDB4D2-EA9E-42B8-ADA4-2995E19A9AB5}.Release|Any CPU.ActiveCfg = Release|Any CPU
		{D8CDB4D2-EA9E-42B8-ADA4-2995E19A9AB5}.Release|Any CPU.Build.0 = Release|Any CPU
		{C17C88D6-E5EC-4D38-A91D-1D0DB6840555}.Debug|Any CPU.ActiveCfg = Debug|Any CPU
		{C17C88D6-E5EC-4D38-A91D-1D0DB6840555}.Debug|Any CPU.Build.0 = Debug|Any CPU
		{C17C88D6-E5EC-4D38-A91D-1D0DB6840555}.Release|Any CPU.ActiveCfg = Release|Any CPU
		{C17C88D6-E5EC-4D38-A91D-1D0DB6840555}.Release|Any CPU.Build.0 = Release|Any CPU
		{DEB21753-6B65-4F2B-BB92-ED3C48DF94E9}.Debug|Any CPU.ActiveCfg = Debug|Any CPU
		{DEB21753-6B65-4F2B-BB92-ED3C48DF94E9}.Debug|Any CPU.Build.0 = Debug|Any CPU
		{DEB21753-6B65-4F2B-BB92-ED3C48DF94E9}.Release|Any CPU.ActiveCfg = Release|Any CPU
		{DEB21753-6B65-4F2B-BB92-ED3C48DF94E9}.Release|Any CPU.Build.0 = Release|Any CPU
		{365FD0CC-DE74-45E5-9F33-4ECBC9D46A64}.Debug|Any CPU.ActiveCfg = Debug|Any CPU
		{365FD0CC-DE74-45E5-9F33-4ECBC9D46A64}.Debug|Any CPU.Build.0 = Debug|Any CPU
		{365FD0CC-DE74-45E5-9F33-4ECBC9D46A64}.Release|Any CPU.ActiveCfg = Release|Any CPU
		{365FD0CC-DE74-45E5-9F33-4ECBC9D46A64}.Release|Any CPU.Build.0 = Release|Any CPU
		{BA700590-A6CF-489C-B451-DCCD7C76AF25}.Debug|Any CPU.ActiveCfg = Debug|Any CPU
		{BA700590-A6CF-489C-B451-DCCD7C76AF25}.Debug|Any CPU.Build.0 = Debug|Any CPU
		{BA700590-A6CF-489C-B451-DCCD7C76AF25}.Release|Any CPU.ActiveCfg = Release|Any CPU
		{BA700590-A6CF-489C-B451-DCCD7C76AF25}.Release|Any CPU.Build.0 = Release|Any CPU
		{2014FF1C-8723-4A85-8C3D-4127C229702A}.Debug|Any CPU.ActiveCfg = Debug|Any CPU
		{2014FF1C-8723-4A85-8C3D-4127C229702A}.Debug|Any CPU.Build.0 = Debug|Any CPU
		{2014FF1C-8723-4A85-8C3D-4127C229702A}.Release|Any CPU.ActiveCfg = Release|Any CPU
		{2014FF1C-8723-4A85-8C3D-4127C229702A}.Release|Any CPU.Build.0 = Release|Any CPU
		{92B3ADE9-A84A-47F0-AAF2-4B08D0CDC655}.Debug|Any CPU.ActiveCfg = Debug|Any CPU
		{92B3ADE9-A84A-47F0-AAF2-4B08D0CDC655}.Debug|Any CPU.Build.0 = Debug|Any CPU
		{92B3ADE9-A84A-47F0-AAF2-4B08D0CDC655}.Release|Any CPU.ActiveCfg = Release|Any CPU
		{92B3ADE9-A84A-47F0-AAF2-4B08D0CDC655}.Release|Any CPU.Build.0 = Release|Any CPU
		{47C36DD9-4568-485D-BCFC-52413B329DBD}.Debug|Any CPU.ActiveCfg = Debug|Any CPU
		{47C36DD9-4568-485D-BCFC-52413B329DBD}.Debug|Any CPU.Build.0 = Debug|Any CPU
		{47C36DD9-4568-485D-BCFC-52413B329DBD}.Release|Any CPU.ActiveCfg = Release|Any CPU
		{47C36DD9-4568-485D-BCFC-52413B329DBD}.Release|Any CPU.Build.0 = Release|Any CPU
		{DDEDBB0C-A9A6-4713-9197-F0318F6A02E3}.Debug|Any CPU.ActiveCfg = Debug|Any CPU
		{DDEDBB0C-A9A6-4713-9197-F0318F6A02E3}.Debug|Any CPU.Build.0 = Debug|Any CPU
		{DDEDBB0C-A9A6-4713-9197-F0318F6A02E3}.Release|Any CPU.ActiveCfg = Release|Any CPU
		{DDEDBB0C-A9A6-4713-9197-F0318F6A02E3}.Release|Any CPU.Build.0 = Release|Any CPU
		{D3565B0A-69B1-4838-94EB-C23EEA3F6EA4}.Debug|Any CPU.ActiveCfg = Debug|Any CPU
		{D3565B0A-69B1-4838-94EB-C23EEA3F6EA4}.Debug|Any CPU.Build.0 = Debug|Any CPU
		{D3565B0A-69B1-4838-94EB-C23EEA3F6EA4}.Release|Any CPU.ActiveCfg = Release|Any CPU
		{D3565B0A-69B1-4838-94EB-C23EEA3F6EA4}.Release|Any CPU.Build.0 = Release|Any CPU
		{F717790B-D037-46DB-ADB4-73D58EAE2130}.Debug|Any CPU.ActiveCfg = Debug|Any CPU
		{F717790B-D037-46DB-ADB4-73D58EAE2130}.Debug|Any CPU.Build.0 = Debug|Any CPU
		{F717790B-D037-46DB-ADB4-73D58EAE2130}.Release|Any CPU.ActiveCfg = Release|Any CPU
		{F717790B-D037-46DB-ADB4-73D58EAE2130}.Release|Any CPU.Build.0 = Release|Any CPU
		{068894B5-E50D-4D1A-8A60-B08CFC3868D6}.Debug|Any CPU.ActiveCfg = Debug|Any CPU
		{068894B5-E50D-4D1A-8A60-B08CFC3868D6}.Debug|Any CPU.Build.0 = Debug|Any CPU
		{068894B5-E50D-4D1A-8A60-B08CFC3868D6}.Release|Any CPU.ActiveCfg = Release|Any CPU
		{068894B5-E50D-4D1A-8A60-B08CFC3868D6}.Release|Any CPU.Build.0 = Release|Any CPU
		{357E87B0-1731-482C-A46B-988D4B7D8C58}.Debug|Any CPU.ActiveCfg = Debug|Any CPU
		{357E87B0-1731-482C-A46B-988D4B7D8C58}.Debug|Any CPU.Build.0 = Debug|Any CPU
		{357E87B0-1731-482C-A46B-988D4B7D8C58}.Release|Any CPU.ActiveCfg = Release|Any CPU
		{357E87B0-1731-482C-A46B-988D4B7D8C58}.Release|Any CPU.Build.0 = Release|Any CPU
		{821DBA0A-3FBF-4602-87C9-3CC9FCE0B040}.Debug|Any CPU.ActiveCfg = Debug|Any CPU
		{821DBA0A-3FBF-4602-87C9-3CC9FCE0B040}.Debug|Any CPU.Build.0 = Debug|Any CPU
		{821DBA0A-3FBF-4602-87C9-3CC9FCE0B040}.Release|Any CPU.ActiveCfg = Release|Any CPU
		{821DBA0A-3FBF-4602-87C9-3CC9FCE0B040}.Release|Any CPU.Build.0 = Release|Any CPU
		{F7B0E70C-A5CB-4B36-B61E-EBBDD949777E}.Debug|Any CPU.ActiveCfg = Debug|Any CPU
		{F7B0E70C-A5CB-4B36-B61E-EBBDD949777E}.Debug|Any CPU.Build.0 = Debug|Any CPU
		{F7B0E70C-A5CB-4B36-B61E-EBBDD949777E}.Release|Any CPU.ActiveCfg = Release|Any CPU
		{F7B0E70C-A5CB-4B36-B61E-EBBDD949777E}.Release|Any CPU.Build.0 = Release|Any CPU
		{474A21E4-07D8-487A-8B4E-30D865048EFA}.Debug|Any CPU.ActiveCfg = Debug|Any CPU
		{474A21E4-07D8-487A-8B4E-30D865048EFA}.Debug|Any CPU.Build.0 = Debug|Any CPU
		{474A21E4-07D8-487A-8B4E-30D865048EFA}.Release|Any CPU.ActiveCfg = Release|Any CPU
		{474A21E4-07D8-487A-8B4E-30D865048EFA}.Release|Any CPU.Build.0 = Release|Any CPU
		{B0AEB5C9-3C09-49BC-B646-434AABEC2181}.Debug|Any CPU.ActiveCfg = Debug|Any CPU
		{B0AEB5C9-3C09-49BC-B646-434AABEC2181}.Debug|Any CPU.Build.0 = Debug|Any CPU
		{B0AEB5C9-3C09-49BC-B646-434AABEC2181}.Release|Any CPU.ActiveCfg = Release|Any CPU
		{B0AEB5C9-3C09-49BC-B646-434AABEC2181}.Release|Any CPU.Build.0 = Release|Any CPU
		{81F4E88F-F8A3-4186-86C2-9252299CEC58}.Debug|Any CPU.ActiveCfg = Debug|Any CPU
		{81F4E88F-F8A3-4186-86C2-9252299CEC58}.Debug|Any CPU.Build.0 = Debug|Any CPU
		{81F4E88F-F8A3-4186-86C2-9252299CEC58}.Release|Any CPU.ActiveCfg = Release|Any CPU
		{81F4E88F-F8A3-4186-86C2-9252299CEC58}.Release|Any CPU.Build.0 = Release|Any CPU
		{B9043CB9-4671-4D61-A0AE-32C6644B9FCD}.Debug|Any CPU.ActiveCfg = Debug|Any CPU
		{B9043CB9-4671-4D61-A0AE-32C6644B9FCD}.Debug|Any CPU.Build.0 = Debug|Any CPU
		{B9043CB9-4671-4D61-A0AE-32C6644B9FCD}.Release|Any CPU.ActiveCfg = Release|Any CPU
		{B9043CB9-4671-4D61-A0AE-32C6644B9FCD}.Release|Any CPU.Build.0 = Release|Any CPU
		{8842DDDF-C5E1-421B-9FAD-DAE1799AFE0C}.Debug|Any CPU.ActiveCfg = Debug|Any CPU
		{8842DDDF-C5E1-421B-9FAD-DAE1799AFE0C}.Debug|Any CPU.Build.0 = Debug|Any CPU
		{8842DDDF-C5E1-421B-9FAD-DAE1799AFE0C}.Release|Any CPU.ActiveCfg = Release|Any CPU
		{8842DDDF-C5E1-421B-9FAD-DAE1799AFE0C}.Release|Any CPU.Build.0 = Release|Any CPU
		{F7AD4845-054F-48E5-A582-B1C07076A291}.Debug|Any CPU.ActiveCfg = Debug|Any CPU
		{F7AD4845-054F-48E5-A582-B1C07076A291}.Debug|Any CPU.Build.0 = Debug|Any CPU
		{F7AD4845-054F-48E5-A582-B1C07076A291}.Release|Any CPU.ActiveCfg = Release|Any CPU
		{F7AD4845-054F-48E5-A582-B1C07076A291}.Release|Any CPU.Build.0 = Release|Any CPU
		{3B666E63-32D0-4545-B823-CEFA322885DC}.Debug|Any CPU.ActiveCfg = Debug|Any CPU
		{3B666E63-32D0-4545-B823-CEFA322885DC}.Debug|Any CPU.Build.0 = Debug|Any CPU
		{3B666E63-32D0-4545-B823-CEFA322885DC}.Release|Any CPU.ActiveCfg = Release|Any CPU
		{3B666E63-32D0-4545-B823-CEFA322885DC}.Release|Any CPU.Build.0 = Release|Any CPU
		{5C2FED4B-BED1-40C9-A2DE-8F158486A92A}.Debug|Any CPU.ActiveCfg = Debug|Any CPU
		{5C2FED4B-BED1-40C9-A2DE-8F158486A92A}.Debug|Any CPU.Build.0 = Debug|Any CPU
		{5C2FED4B-BED1-40C9-A2DE-8F158486A92A}.Release|Any CPU.ActiveCfg = Release|Any CPU
		{5C2FED4B-BED1-40C9-A2DE-8F158486A92A}.Release|Any CPU.Build.0 = Release|Any CPU
		{CD0ABD5B-A473-4EA5-8D0D-26ADAC022C92}.Debug|Any CPU.ActiveCfg = Debug|Any CPU
		{CD0ABD5B-A473-4EA5-8D0D-26ADAC022C92}.Debug|Any CPU.Build.0 = Debug|Any CPU
		{CD0ABD5B-A473-4EA5-8D0D-26ADAC022C92}.Release|Any CPU.ActiveCfg = Release|Any CPU
		{CD0ABD5B-A473-4EA5-8D0D-26ADAC022C92}.Release|Any CPU.Build.0 = Release|Any CPU
		{0F357BE9-122A-4D12-8F4A-30B1696A15E4}.Debug|Any CPU.ActiveCfg = Debug|Any CPU
		{0F357BE9-122A-4D12-8F4A-30B1696A15E4}.Debug|Any CPU.Build.0 = Debug|Any CPU
		{0F357BE9-122A-4D12-8F4A-30B1696A15E4}.Release|Any CPU.ActiveCfg = Release|Any CPU
		{0F357BE9-122A-4D12-8F4A-30B1696A15E4}.Release|Any CPU.Build.0 = Release|Any CPU
		{FE65289C-C9AB-4B6C-BD46-C18594F1263A}.Debug|Any CPU.ActiveCfg = Debug|Any CPU
		{FE65289C-C9AB-4B6C-BD46-C18594F1263A}.Debug|Any CPU.Build.0 = Debug|Any CPU
		{FE65289C-C9AB-4B6C-BD46-C18594F1263A}.Release|Any CPU.ActiveCfg = Release|Any CPU
		{FE65289C-C9AB-4B6C-BD46-C18594F1263A}.Release|Any CPU.Build.0 = Release|Any CPU
		{49B0AFA9-A318-4326-AC0F-2DDD25BF4D5C}.Debug|Any CPU.ActiveCfg = Debug|Any CPU
		{49B0AFA9-A318-4326-AC0F-2DDD25BF4D5C}.Debug|Any CPU.Build.0 = Debug|Any CPU
		{49B0AFA9-A318-4326-AC0F-2DDD25BF4D5C}.Release|Any CPU.ActiveCfg = Release|Any CPU
		{49B0AFA9-A318-4326-AC0F-2DDD25BF4D5C}.Release|Any CPU.Build.0 = Release|Any CPU
		{27055E1E-720E-4BEE-8151-9479F65B09C2}.Debug|Any CPU.ActiveCfg = Debug|Any CPU
		{27055E1E-720E-4BEE-8151-9479F65B09C2}.Debug|Any CPU.Build.0 = Debug|Any CPU
		{27055E1E-720E-4BEE-8151-9479F65B09C2}.Release|Any CPU.ActiveCfg = Release|Any CPU
		{27055E1E-720E-4BEE-8151-9479F65B09C2}.Release|Any CPU.Build.0 = Release|Any CPU
		{E8061380-9A08-426D-9499-A8929EAC383F}.Debug|Any CPU.ActiveCfg = Debug|Any CPU
		{E8061380-9A08-426D-9499-A8929EAC383F}.Debug|Any CPU.Build.0 = Debug|Any CPU
		{E8061380-9A08-426D-9499-A8929EAC383F}.Release|Any CPU.ActiveCfg = Release|Any CPU
		{E8061380-9A08-426D-9499-A8929EAC383F}.Release|Any CPU.Build.0 = Release|Any CPU
		{E4734697-B4EE-4364-92AA-FC175A764FB2}.Debug|Any CPU.ActiveCfg = Debug|Any CPU
		{E4734697-B4EE-4364-92AA-FC175A764FB2}.Debug|Any CPU.Build.0 = Debug|Any CPU
		{E4734697-B4EE-4364-92AA-FC175A764FB2}.Release|Any CPU.ActiveCfg = Release|Any CPU
		{E4734697-B4EE-4364-92AA-FC175A764FB2}.Release|Any CPU.Build.0 = Release|Any CPU
		{957F50C0-02E2-46BD-9AE9-0A52AC823EB6}.Debug|Any CPU.ActiveCfg = Debug|Any CPU
		{957F50C0-02E2-46BD-9AE9-0A52AC823EB6}.Debug|Any CPU.Build.0 = Debug|Any CPU
		{957F50C0-02E2-46BD-9AE9-0A52AC823EB6}.Release|Any CPU.ActiveCfg = Release|Any CPU
		{957F50C0-02E2-46BD-9AE9-0A52AC823EB6}.Release|Any CPU.Build.0 = Release|Any CPU
		{FCE3DCB9-C22E-4490-8772-EEB89B2D5C9B}.Debug|Any CPU.ActiveCfg = Debug|Any CPU
		{FCE3DCB9-C22E-4490-8772-EEB89B2D5C9B}.Debug|Any CPU.Build.0 = Debug|Any CPU
		{FCE3DCB9-C22E-4490-8772-EEB89B2D5C9B}.Release|Any CPU.ActiveCfg = Release|Any CPU
		{FCE3DCB9-C22E-4490-8772-EEB89B2D5C9B}.Release|Any CPU.Build.0 = Release|Any CPU
		{B1F431C2-83CB-41C2-9192-22352CBAE9EB}.Debug|Any CPU.ActiveCfg = Debug|Any CPU
		{B1F431C2-83CB-41C2-9192-22352CBAE9EB}.Debug|Any CPU.Build.0 = Debug|Any CPU
		{B1F431C2-83CB-41C2-9192-22352CBAE9EB}.Release|Any CPU.ActiveCfg = Release|Any CPU
		{B1F431C2-83CB-41C2-9192-22352CBAE9EB}.Release|Any CPU.Build.0 = Release|Any CPU
		{B5091DFF-E89C-46B7-A43C-2CABD34786BB}.Debug|Any CPU.ActiveCfg = Debug|Any CPU
		{B5091DFF-E89C-46B7-A43C-2CABD34786BB}.Debug|Any CPU.Build.0 = Debug|Any CPU
		{B5091DFF-E89C-46B7-A43C-2CABD34786BB}.Release|Any CPU.ActiveCfg = Release|Any CPU
		{B5091DFF-E89C-46B7-A43C-2CABD34786BB}.Release|Any CPU.Build.0 = Release|Any CPU
		{DB1942DC-4EEB-4A4E-A1E7-50A177D7F2AF}.Debug|Any CPU.ActiveCfg = Debug|Any CPU
		{DB1942DC-4EEB-4A4E-A1E7-50A177D7F2AF}.Debug|Any CPU.Build.0 = Debug|Any CPU
		{DB1942DC-4EEB-4A4E-A1E7-50A177D7F2AF}.Release|Any CPU.ActiveCfg = Release|Any CPU
		{DB1942DC-4EEB-4A4E-A1E7-50A177D7F2AF}.Release|Any CPU.Build.0 = Release|Any CPU
		{63901298-7241-455F-97EE-EB0092574D9B}.Debug|Any CPU.ActiveCfg = Debug|Any CPU
		{63901298-7241-455F-97EE-EB0092574D9B}.Debug|Any CPU.Build.0 = Debug|Any CPU
		{63901298-7241-455F-97EE-EB0092574D9B}.Release|Any CPU.ActiveCfg = Release|Any CPU
		{63901298-7241-455F-97EE-EB0092574D9B}.Release|Any CPU.Build.0 = Release|Any CPU
		{AFCC12BC-BEA4-4EBA-88A8-4021BD50EB1A}.Debug|Any CPU.ActiveCfg = Debug|Any CPU
		{AFCC12BC-BEA4-4EBA-88A8-4021BD50EB1A}.Debug|Any CPU.Build.0 = Debug|Any CPU
		{AFCC12BC-BEA4-4EBA-88A8-4021BD50EB1A}.Release|Any CPU.ActiveCfg = Release|Any CPU
		{AFCC12BC-BEA4-4EBA-88A8-4021BD50EB1A}.Release|Any CPU.Build.0 = Release|Any CPU
		{3FD9772D-C80E-4782-A0D8-4BD1C45497BE}.Debug|Any CPU.ActiveCfg = Debug|Any CPU
		{3FD9772D-C80E-4782-A0D8-4BD1C45497BE}.Debug|Any CPU.Build.0 = Debug|Any CPU
		{3FD9772D-C80E-4782-A0D8-4BD1C45497BE}.Release|Any CPU.ActiveCfg = Release|Any CPU
		{3FD9772D-C80E-4782-A0D8-4BD1C45497BE}.Release|Any CPU.Build.0 = Release|Any CPU
		{0BE89403-B4B1-4091-BF71-D0D9C21E9CC1}.Debug|Any CPU.ActiveCfg = Debug|Any CPU
		{0BE89403-B4B1-4091-BF71-D0D9C21E9CC1}.Debug|Any CPU.Build.0 = Debug|Any CPU
		{0BE89403-B4B1-4091-BF71-D0D9C21E9CC1}.Release|Any CPU.ActiveCfg = Release|Any CPU
		{0BE89403-B4B1-4091-BF71-D0D9C21E9CC1}.Release|Any CPU.Build.0 = Release|Any CPU
	EndGlobalSection
	GlobalSection(SolutionProperties) = preSolution
		HideSolutionNode = FALSE
	EndGlobalSection
	GlobalSection(NestedProjects) = preSolution
		{56ADC1E9-8DBF-41DF-B512-D9A20C3B4D18} = {6E22F5B4-F4B6-4313-9EE3-6830E6DE3CFE}
		{A394F107-CAD2-4002-A40C-567460890AC4} = {6E22F5B4-F4B6-4313-9EE3-6830E6DE3CFE}
		{FCBEFF20-39B6-445F-97A2-8775DD2BC0BF} = {6E22F5B4-F4B6-4313-9EE3-6830E6DE3CFE}
		{E28343B2-CA53-4D9F-89AF-5EAD84B618C2} = {6E22F5B4-F4B6-4313-9EE3-6830E6DE3CFE}
		{3E6C1312-4897-42AE-BABE-4F6EC6C3D8E4} = {6E22F5B4-F4B6-4313-9EE3-6830E6DE3CFE}
		{D0BB6861-10DC-45A0-86BA-423199019856} = {6E22F5B4-F4B6-4313-9EE3-6830E6DE3CFE}
		{FAEFF6D6-1929-4B8C-A97D-AE4761D68EB5} = {6E22F5B4-F4B6-4313-9EE3-6830E6DE3CFE}
		{E8CB369D-9C55-4C6C-9764-219A059D0470} = {6E22F5B4-F4B6-4313-9EE3-6830E6DE3CFE}
		{3F1C48E4-264B-4C7D-972A-30A1E9DA614A} = {DC980AAD-72DD-400C-BD3E-8E2059E7C4A9}
		{05F5D117-3BAE-4F9F-B0DA-BF823B27DD65} = {DC980AAD-72DD-400C-BD3E-8E2059E7C4A9}
		{4652CE1C-4353-4C58-BACD-1261D8F4FA73} = {DC980AAD-72DD-400C-BD3E-8E2059E7C4A9}
		{C9552761-099E-466E-B400-52599C2ED796} = {DC980AAD-72DD-400C-BD3E-8E2059E7C4A9}
		{1D0398F7-B373-494D-BE39-F1240B06EAA7} = {DC980AAD-72DD-400C-BD3E-8E2059E7C4A9}
		{C6D55018-94CC-4505-A574-6DF7A9005C2D} = {DC980AAD-72DD-400C-BD3E-8E2059E7C4A9}
		{5A5454B7-676A-4504-8EE4-A325ECD03165} = {DC980AAD-72DD-400C-BD3E-8E2059E7C4A9}
		{F31CEAF8-49DF-4A82-BBCA-682593CA18E7} = {DC980AAD-72DD-400C-BD3E-8E2059E7C4A9}
		{09512864-2889-45B2-A437-F51561CF83C4} = {DC980AAD-72DD-400C-BD3E-8E2059E7C4A9}
		{BCAFDB36-24C8-4098-9E86-CE204FB22EF6} = {DC980AAD-72DD-400C-BD3E-8E2059E7C4A9}
		{8AB7F6D5-2D77-4498-8129-D4817A10F90F} = {DC980AAD-72DD-400C-BD3E-8E2059E7C4A9}
		{1ACBDEEC-0C5F-4760-B369-FAB2AB7CE591} = {DC980AAD-72DD-400C-BD3E-8E2059E7C4A9}
		{C7730475-4000-47F9-97A7-7A165B453E59} = {DC980AAD-72DD-400C-BD3E-8E2059E7C4A9}
		{6D771809-F98A-469F-BA7D-D200E9F54E51} = {DC980AAD-72DD-400C-BD3E-8E2059E7C4A9}
		{2C82D53D-5178-485C-8FBD-1DFABA0A8145} = {7F4D5A46-0031-42F7-B36D-44211687CA7B}
		{76F41D88-E190-4896-9308-72CF9BCCA3E9} = {7F4D5A46-0031-42F7-B36D-44211687CA7B}
		{0C06D77D-138D-41ED-8AC8-3B8976C64B8F} = {7F4D5A46-0031-42F7-B36D-44211687CA7B}
		{50C0A15E-075D-4E5B-99DD-266103765986} = {7F4D5A46-0031-42F7-B36D-44211687CA7B}
		{F2A154D9-863B-43E2-8F44-6C0EF64A748B} = {7F4D5A46-0031-42F7-B36D-44211687CA7B}
		{F4D08182-5C21-4F20-AE49-A0ED884157CB} = {7F4D5A46-0031-42F7-B36D-44211687CA7B}
		{1DF56BD7-4699-40AE-95B3-9E144599E70B} = {7F4D5A46-0031-42F7-B36D-44211687CA7B}
		{EE50D819-1AB9-46EB-AA01-716D81FA0B05} = {7F4D5A46-0031-42F7-B36D-44211687CA7B}
		{436264DA-A22E-4C32-8AC9-9CF9EB3D5C82} = {7F4D5A46-0031-42F7-B36D-44211687CA7B}
		{619C98E7-04B5-4498-882B-652CA7AFE38B} = {7F4D5A46-0031-42F7-B36D-44211687CA7B}
		{DB3683A9-648C-4E1D-A694-E2555274AD0B} = {0824D3AE-A11A-42E0-92A8-07AB0D2CFAC5}
		{D384DD89-BBD2-4B64-AF62-D83731DDB969} = {0824D3AE-A11A-42E0-92A8-07AB0D2CFAC5}
		{A71CCB0F-6BBF-4ADB-A1E8-B6FE4680AEEF} = {0824D3AE-A11A-42E0-92A8-07AB0D2CFAC5}
		{1371ECB5-24DD-49C1-8E70-BF9CA2E86932} = {0824D3AE-A11A-42E0-92A8-07AB0D2CFAC5}
		{D08AEFF6-E001-4D2D-8CBA-52FF8DD78D4F} = {0824D3AE-A11A-42E0-92A8-07AB0D2CFAC5}
		{87411401-2A70-4F55-8142-97DEB345B7C3} = {0824D3AE-A11A-42E0-92A8-07AB0D2CFAC5}
		{99A078B9-04CE-4071-928D-58F514BB1F52} = {0824D3AE-A11A-42E0-92A8-07AB0D2CFAC5}
		{A463EE6B-22E2-4349-BBAF-2450A58B0BD5} = {0824D3AE-A11A-42E0-92A8-07AB0D2CFAC5}
		{EC1BCCB2-C2A8-4115-8F20-980EF363F7F3} = {0824D3AE-A11A-42E0-92A8-07AB0D2CFAC5}
		{D30470A8-13B6-4BEE-AFFD-02A0F9903491} = {0824D3AE-A11A-42E0-92A8-07AB0D2CFAC5}
		{2479E004-6485-415F-A02B-9806947F3AD4} = {0824D3AE-A11A-42E0-92A8-07AB0D2CFAC5}
		{C8C11DA8-6829-4043-A09C-94373E4DA7E6} = {0824D3AE-A11A-42E0-92A8-07AB0D2CFAC5}
		{A432EE9A-E461-4E03-8F04-B37F2B3B329F} = {82710D6D-5616-430A-8C37-D1FB24C99104}
		{956ECB57-CDA7-468D-A0F8-E6CDF0EB7FAC} = {82710D6D-5616-430A-8C37-D1FB24C99104}
		{B6FC1ED3-49AE-483C-815A-E605DE3CA75C} = {698C6AEE-8802-4C70-B2EA-57C5ABC51E54}
		{8E2AD30A-2578-4E17-8F07-304876EB4368} = {698C6AEE-8802-4C70-B2EA-57C5ABC51E54}
		{EEED9B94-5CEF-4C65-8C35-37B90120759F} = {698C6AEE-8802-4C70-B2EA-57C5ABC51E54}
		{6A9492CD-1561-4774-93E4-22636DC56922} = {698C6AEE-8802-4C70-B2EA-57C5ABC51E54}
		{0E535F13-DF0E-4C29-B3A5-0C187DEB9D6D} = {698C6AEE-8802-4C70-B2EA-57C5ABC51E54}
		{DC08E781-E8C5-4474-9288-929CC443A51A} = {698C6AEE-8802-4C70-B2EA-57C5ABC51E54}
		{8CFFDDDB-6A00-462D-951C-47CA0DB46C9D} = {698C6AEE-8802-4C70-B2EA-57C5ABC51E54}
		{B093E608-E61A-4465-A466-6918048BF893} = {1AABDEDC-AD03-4D19-A274-90F840CBFDF9}
		{0759369F-3625-499F-90E2-0053ABC77165} = {1AABDEDC-AD03-4D19-A274-90F840CBFDF9}
		{D3034748-5726-4211-BD1F-05C72F44F6DF} = {1AABDEDC-AD03-4D19-A274-90F840CBFDF9}
		{A1BAFA4D-1BEE-495F-AC58-B7C5ECF70DEE} = {1AABDEDC-AD03-4D19-A274-90F840CBFDF9}
		{94E5354B-2AAD-44A8-8790-54CC2FA80017} = {1AABDEDC-AD03-4D19-A274-90F840CBFDF9}
		{6A574887-AB88-47B6-908E-3C38D84CFE13} = {1AABDEDC-AD03-4D19-A274-90F840CBFDF9}
		{4C884AFE-4EF8-4836-9108-08290311656F} = {1AABDEDC-AD03-4D19-A274-90F840CBFDF9}
		{0B9ED797-C5BE-4204-9DA8-A0796879A892} = {1AABDEDC-AD03-4D19-A274-90F840CBFDF9}
		{717E7800-0431-410E-919D-7B7495C3351E} = {1AABDEDC-AD03-4D19-A274-90F840CBFDF9}
		{973C2F3B-7E7D-46E8-AAA4-FA444BBC9E25} = {1AABDEDC-AD03-4D19-A274-90F840CBFDF9}
		{075A4702-B316-48E9-BD36-C5C7B6FEE3DD} = {16D12CA4-B930-4057-8749-548BAF89888A}
		{3B21E621-39CB-4EEE-8984-A601F77229DB} = {16D12CA4-B930-4057-8749-548BAF89888A}
		{3B243676-56E3-4C1F-BA8D-5F79B1BD1DC7} = {16D12CA4-B930-4057-8749-548BAF89888A}
		{27D6D3A2-D1F6-4C78-B668-D06D78AB3F83} = {16D12CA4-B930-4057-8749-548BAF89888A}
		{1A9E2920-6A24-420D-A316-7742CF09E9EF} = {16D12CA4-B930-4057-8749-548BAF89888A}
		{A9410B17-719C-4F6C-9A68-A3EC68889AB5} = {7AA6B189-3B47-4B5A-941E-46EF52E37172}
		{3A2EDD16-8EC2-463E-8B71-F1795B185203} = {7AA6B189-3B47-4B5A-941E-46EF52E37172}
		{5FDE4319-BEAD-4505-9B01-9D2792A6EC4D} = {7AA6B189-3B47-4B5A-941E-46EF52E37172}
		{2930BB63-4856-4875-BDB5-8B96BC62D0C5} = {7AA6B189-3B47-4B5A-941E-46EF52E37172}
		{8D7EE186-B33F-470C-B62A-9D90A72BAB8E} = {7AA6B189-3B47-4B5A-941E-46EF52E37172}
		{B94C04CE-A39A-4C86-8DA4-64074EC099D2} = {7AA6B189-3B47-4B5A-941E-46EF52E37172}
		{629353A2-5C38-4141-9035-B1D0F9770011} = {7AA6B189-3B47-4B5A-941E-46EF52E37172}
		{4BDF6B3D-1756-4AE6-B14F-7917457A978E} = {7AA6B189-3B47-4B5A-941E-46EF52E37172}
		{0D915770-F070-4076-9307-DB7F2D181D49} = {DF2946FA-9460-4F7B-8EC4-99E86AE75531}
		{100736B1-962D-4C5A-B813-B5A94D2810D0} = {DF2946FA-9460-4F7B-8EC4-99E86AE75531}
		{33F42EBB-48E8-4FC3-929F-4962129C9CD7} = {DF2946FA-9460-4F7B-8EC4-99E86AE75531}
		{FEE3BFD8-2E72-4290-A4C9-C7FEF78BBE51} = {DF2946FA-9460-4F7B-8EC4-99E86AE75531}
		{927CC410-3A20-4524-B0F5-5D95382608E0} = {DF2946FA-9460-4F7B-8EC4-99E86AE75531}
		{D3F75E90-EE4A-48C1-B986-564E14A10E9A} = {DF2946FA-9460-4F7B-8EC4-99E86AE75531}
		{62FAF4A4-E93F-42BF-BC82-F036BC974FE9} = {DF2946FA-9460-4F7B-8EC4-99E86AE75531}
		{FD552030-F00A-45E4-BC0E-73BB2B9D4D47} = {8C53109B-780A-4427-917A-158130B0F95A}
		{1B5D618F-639A-49AA-95C7-DBEB3DB4515A} = {8C53109B-780A-4427-917A-158130B0F95A}
		{CAA4EB90-E1E8-4BF1-9628-9E84833C7069} = {8C53109B-780A-4427-917A-158130B0F95A}
		{640889B4-1895-4384-BECF-23057DA5B8D1} = {8C53109B-780A-4427-917A-158130B0F95A}
		{9FCCFE33-5E2B-46C9-810D-284DFF1DA782} = {8C53109B-780A-4427-917A-158130B0F95A}
		{914647C2-57BC-4241-B070-E015ECD03F49} = {8C53109B-780A-4427-917A-158130B0F95A}
		{44E2D9A3-F313-41BE-903E-75DC287E4AEB} = {E524C3D3-3E39-45EF-B397-0E0058982DE3}
		{003A5D57-1CBA-484A-9FAC-66A62FEE8757} = {E524C3D3-3E39-45EF-B397-0E0058982DE3}
		{575B0572-98E6-480E-BB4D-A34605C16219} = {E524C3D3-3E39-45EF-B397-0E0058982DE3}
		{B54534C3-180B-46F3-BCDE-FF4E8487A936} = {E524C3D3-3E39-45EF-B397-0E0058982DE3}
		{D8CDB4D2-EA9E-42B8-ADA4-2995E19A9AB5} = {F0A57963-00E7-4537-98A2-9DC5C006FD19}
		{C17C88D6-E5EC-4D38-A91D-1D0DB6840555} = {F0A57963-00E7-4537-98A2-9DC5C006FD19}
		{DEB21753-6B65-4F2B-BB92-ED3C48DF94E9} = {F0A57963-00E7-4537-98A2-9DC5C006FD19}
		{365FD0CC-DE74-45E5-9F33-4ECBC9D46A64} = {F0A57963-00E7-4537-98A2-9DC5C006FD19}
		{BA700590-A6CF-489C-B451-DCCD7C76AF25} = {F0A57963-00E7-4537-98A2-9DC5C006FD19}
		{2014FF1C-8723-4A85-8C3D-4127C229702A} = {F0A57963-00E7-4537-98A2-9DC5C006FD19}
		{92B3ADE9-A84A-47F0-AAF2-4B08D0CDC655} = {F0A57963-00E7-4537-98A2-9DC5C006FD19}
		{47C36DD9-4568-485D-BCFC-52413B329DBD} = {F0A57963-00E7-4537-98A2-9DC5C006FD19}
		{DDEDBB0C-A9A6-4713-9197-F0318F6A02E3} = {F0A57963-00E7-4537-98A2-9DC5C006FD19}
		{D3565B0A-69B1-4838-94EB-C23EEA3F6EA4} = {F0A57963-00E7-4537-98A2-9DC5C006FD19}
		{F717790B-D037-46DB-ADB4-73D58EAE2130} = {F0A57963-00E7-4537-98A2-9DC5C006FD19}
		{068894B5-E50D-4D1A-8A60-B08CFC3868D6} = {F0A57963-00E7-4537-98A2-9DC5C006FD19}
		{357E87B0-1731-482C-A46B-988D4B7D8C58} = {2C97FD7F-4838-4492-B69B-F1FBD06AD70F}
		{821DBA0A-3FBF-4602-87C9-3CC9FCE0B040} = {2C97FD7F-4838-4492-B69B-F1FBD06AD70F}
		{F7B0E70C-A5CB-4B36-B61E-EBBDD949777E} = {2C97FD7F-4838-4492-B69B-F1FBD06AD70F}
		{474A21E4-07D8-487A-8B4E-30D865048EFA} = {2C97FD7F-4838-4492-B69B-F1FBD06AD70F}
		{B0AEB5C9-3C09-49BC-B646-434AABEC2181} = {2C97FD7F-4838-4492-B69B-F1FBD06AD70F}
		{81F4E88F-F8A3-4186-86C2-9252299CEC58} = {2C97FD7F-4838-4492-B69B-F1FBD06AD70F}
		{B9043CB9-4671-4D61-A0AE-32C6644B9FCD} = {0E8C2557-3071-4DBA-8DE2-B56E3813164A}
		{8842DDDF-C5E1-421B-9FAD-DAE1799AFE0C} = {0E8C2557-3071-4DBA-8DE2-B56E3813164A}
		{F7AD4845-054F-48E5-A582-B1C07076A291} = {0E8C2557-3071-4DBA-8DE2-B56E3813164A}
		{3B666E63-32D0-4545-B823-CEFA322885DC} = {0E8C2557-3071-4DBA-8DE2-B56E3813164A}
		{5C2FED4B-BED1-40C9-A2DE-8F158486A92A} = {0E8C2557-3071-4DBA-8DE2-B56E3813164A}
		{CD0ABD5B-A473-4EA5-8D0D-26ADAC022C92} = {0E8C2557-3071-4DBA-8DE2-B56E3813164A}
		{0F357BE9-122A-4D12-8F4A-30B1696A15E4} = {0E8C2557-3071-4DBA-8DE2-B56E3813164A}
		{FE65289C-C9AB-4B6C-BD46-C18594F1263A} = {0E8C2557-3071-4DBA-8DE2-B56E3813164A}
		{49B0AFA9-A318-4326-AC0F-2DDD25BF4D5C} = {C69747CE-E053-4457-9091-5BB157D6FD0E}
		{27055E1E-720E-4BEE-8151-9479F65B09C2} = {C69747CE-E053-4457-9091-5BB157D6FD0E}
		{E8061380-9A08-426D-9499-A8929EAC383F} = {AFCE160A-BEC7-43F9-94BD-A85EEF5D1284}
		{E4734697-B4EE-4364-92AA-FC175A764FB2} = {AFCE160A-BEC7-43F9-94BD-A85EEF5D1284}
		{957F50C0-02E2-46BD-9AE9-0A52AC823EB6} = {AFCE160A-BEC7-43F9-94BD-A85EEF5D1284}
		{FCE3DCB9-C22E-4490-8772-EEB89B2D5C9B} = {7370A72F-D277-44F8-BE3D-66BA7229F867}
		{B1F431C2-83CB-41C2-9192-22352CBAE9EB} = {7370A72F-D277-44F8-BE3D-66BA7229F867}
		{B5091DFF-E89C-46B7-A43C-2CABD34786BB} = {7370A72F-D277-44F8-BE3D-66BA7229F867}
		{DB1942DC-4EEB-4A4E-A1E7-50A177D7F2AF} = {7370A72F-D277-44F8-BE3D-66BA7229F867}
		{63901298-7241-455F-97EE-EB0092574D9B} = {7370A72F-D277-44F8-BE3D-66BA7229F867}
		{AFCC12BC-BEA4-4EBA-88A8-4021BD50EB1A} = {7370A72F-D277-44F8-BE3D-66BA7229F867}
		{3FD9772D-C80E-4782-A0D8-4BD1C45497BE} = {7370A72F-D277-44F8-BE3D-66BA7229F867}
		{0BE89403-B4B1-4091-BF71-D0D9C21E9CC1} = {7370A72F-D277-44F8-BE3D-66BA7229F867}
	EndGlobalSection
	GlobalSection(ExtensibilityGlobals) = postSolution
		SolutionGuid = {327F1092-1904-4ED2-B2E8-790BA46181FD}
	EndGlobalSection
EndGlobal
